// !$*UTF8*$!
{
	archiveVersion = 1;
	classes = {
	};
	objectVersion = 46;
	objects = {

/* Begin PBXBuildFile section */
		04AAEC111A1EC9F200B5254B /* Default-568h@2x.png in Resources */ = {isa = PBXBuildFile; fileRef = 04AAEC0C1A1EC9F200B5254B /* Default-568h@2x.png */; };
		04AAEC121A1EC9F200B5254B /* finish_pre@2x.png in Resources */ = {isa = PBXBuildFile; fileRef = 04AAEC0D1A1EC9F200B5254B /* finish_pre@2x.png */; };
		04AAEC131A1EC9F200B5254B /* finish@2x.png in Resources */ = {isa = PBXBuildFile; fileRef = 04AAEC0E1A1EC9F200B5254B /* finish@2x.png */; };
		04AAEC141A1EC9F200B5254B /* off@2x.png in Resources */ = {isa = PBXBuildFile; fileRef = 04AAEC0F1A1EC9F200B5254B /* off@2x.png */; };
		04AAEC151A1EC9F200B5254B /* on@2x.png in Resources */ = {isa = PBXBuildFile; fileRef = 04AAEC101A1EC9F200B5254B /* on@2x.png */; };
		04AAEC2B1A1ECD2800B5254B /* MyMsgController.m in Sources */ = {isa = PBXBuildFile; fileRef = 04AAEC1C1A1ECD2800B5254B /* MyMsgController.m */; };
		04AAEC2C1A1ECD2800B5254B /* MyCommentController.m in Sources */ = {isa = PBXBuildFile; fileRef = 04AAEC1E1A1ECD2800B5254B /* MyCommentController.m */; };
		04AAEC2D1A1ECD2800B5254B /* MyFavoriteController.m in Sources */ = {isa = PBXBuildFile; fileRef = 04AAEC201A1ECD2800B5254B /* MyFavoriteController.m */; };
		04AAEC2E1A1ECD2800B5254B /* MyDemandController.m in Sources */ = {isa = PBXBuildFile; fileRef = 04AAEC221A1ECD2800B5254B /* MyDemandController.m */; };
		04AAEC301A1ECD2800B5254B /* LoginController.m in Sources */ = {isa = PBXBuildFile; fileRef = 04AAEC261A1ECD2800B5254B /* LoginController.m */; };
		04AAEC311A1ECD2800B5254B /* RegisterController.m in Sources */ = {isa = PBXBuildFile; fileRef = 04AAEC281A1ECD2800B5254B /* RegisterController.m */; };
		04AAEC321A1ECD2800B5254B /* NextRegisterController.m in Sources */ = {isa = PBXBuildFile; fileRef = 04AAEC2A1A1ECD2800B5254B /* NextRegisterController.m */; };
		04AAEC351A1ECD3000B5254B /* PersonCenterController.m in Sources */ = {isa = PBXBuildFile; fileRef = 04AAEC341A1ECD3000B5254B /* PersonCenterController.m */; };
		04AAEC3C1A1ECD4C00B5254B /* DemandView.m in Sources */ = {isa = PBXBuildFile; fileRef = 04AAEC371A1ECD4C00B5254B /* DemandView.m */; };
		04AAEC3D1A1ECD4C00B5254B /* DemandListView.m in Sources */ = {isa = PBXBuildFile; fileRef = 04AAEC391A1ECD4C00B5254B /* DemandListView.m */; };
		04AAEC3E1A1ECD4C00B5254B /* ResetView.m in Sources */ = {isa = PBXBuildFile; fileRef = 04AAEC3B1A1ECD4C00B5254B /* ResetView.m */; };
		04AAEC491A1ECD5600B5254B /* SystemMsgItem.m in Sources */ = {isa = PBXBuildFile; fileRef = 04AAEC401A1ECD5600B5254B /* SystemMsgItem.m */; };
		04AAEC4A1A1ECD5600B5254B /* SubscripMsgItem.m in Sources */ = {isa = PBXBuildFile; fileRef = 04AAEC421A1ECD5600B5254B /* SubscripMsgItem.m */; };
		04AAEC4B1A1ECD5600B5254B /* CommentItem.m in Sources */ = {isa = PBXBuildFile; fileRef = 04AAEC441A1ECD5600B5254B /* CommentItem.m */; };
		04AAEC4C1A1ECD5600B5254B /* FavoriteItem.m in Sources */ = {isa = PBXBuildFile; fileRef = 04AAEC461A1ECD5600B5254B /* FavoriteItem.m */; };
		04AAEC4D1A1ECD5600B5254B /* DemandItem.m in Sources */ = {isa = PBXBuildFile; fileRef = 04AAEC481A1ECD5600B5254B /* DemandItem.m */; };
		04AAEC5A1A1ECD6400B5254B /* SystemMsgCell.m in Sources */ = {isa = PBXBuildFile; fileRef = 04AAEC4F1A1ECD6400B5254B /* SystemMsgCell.m */; };
		04AAEC5B1A1ECD6400B5254B /* SubscripMsgCell.m in Sources */ = {isa = PBXBuildFile; fileRef = 04AAEC511A1ECD6400B5254B /* SubscripMsgCell.m */; };
		04AAEC5C1A1ECD6400B5254B /* CommentCell.m in Sources */ = {isa = PBXBuildFile; fileRef = 04AAEC531A1ECD6400B5254B /* CommentCell.m */; };
		04AAEC5D1A1ECD6400B5254B /* FavoriteCell.m in Sources */ = {isa = PBXBuildFile; fileRef = 04AAEC551A1ECD6400B5254B /* FavoriteCell.m */; };
		04AAEC5E1A1ECD6400B5254B /* SelectCell.m in Sources */ = {isa = PBXBuildFile; fileRef = 04AAEC571A1ECD6400B5254B /* SelectCell.m */; };
		04AAEC5F1A1ECD6400B5254B /* DemandCell.m in Sources */ = {isa = PBXBuildFile; fileRef = 04AAEC591A1ECD6400B5254B /* DemandCell.m */; };
		04AAEC681A1ECF6F00B5254B /* aboutController.m in Sources */ = {isa = PBXBuildFile; fileRef = 04AAEC671A1ECF6F00B5254B /* aboutController.m */; };
		04AAEC6F1A1ECFD300B5254B /* GlobalInstance.m in Sources */ = {isa = PBXBuildFile; fileRef = 04AAEC6E1A1ECFD300B5254B /* GlobalInstance.m */; };
		04AAECA71A1ED06500B5254B /* SquareUserItem.m in Sources */ = {isa = PBXBuildFile; fileRef = 04AAECA61A1ED06500B5254B /* SquareUserItem.m */; };
		04AAECAC1A1ED07200B5254B /* PublishTopicController.m in Sources */ = {isa = PBXBuildFile; fileRef = 04AAECA91A1ED07200B5254B /* PublishTopicController.m */; };
		04AAECAD1A1ED07200B5254B /* PersonalController.m in Sources */ = {isa = PBXBuildFile; fileRef = 04AAECAB1A1ED07200B5254B /* PersonalController.m */; };
		04AAECB31A1ED08D00B5254B /* SquareHeadView.m in Sources */ = {isa = PBXBuildFile; fileRef = 04AAECB01A1ED08D00B5254B /* SquareHeadView.m */; };
		04AAECB41A1ED08D00B5254B /* TJImageView.m in Sources */ = {isa = PBXBuildFile; fileRef = 04AAECB21A1ED08D00B5254B /* TJImageView.m */; };
		04AAECB81A1ED09F00B5254B /* SquareCell.m in Sources */ = {isa = PBXBuildFile; fileRef = 04AAECB71A1ED09F00B5254B /* SquareCell.m */; };
		04AAECBF1A1ED11800B5254B /* MoreListView.m in Sources */ = {isa = PBXBuildFile; fileRef = 04AAECBD1A1ED11800B5254B /* MoreListView.m */; };
		04AAECC41A1ED14700B5254B /* SettingController.m in Sources */ = {isa = PBXBuildFile; fileRef = 04AAECC11A1ED14700B5254B /* SettingController.m */; };
		04AAECC51A1ED14700B5254B /* AdviceController.m in Sources */ = {isa = PBXBuildFile; fileRef = 04AAECC31A1ED14700B5254B /* AdviceController.m */; };
		04AAECC91A1ED1EF00B5254B /* ListView.m in Sources */ = {isa = PBXBuildFile; fileRef = 04AAECC81A1ED1EF00B5254B /* ListView.m */; };
		04AAECCB1A1ED2A400B5254B /* SystemConfiguration.framework in Frameworks */ = {isa = PBXBuildFile; fileRef = 04AAECCA1A1ED2A400B5254B /* SystemConfiguration.framework */; };
		04AAECCD1A1ED2B700B5254B /* QuartzCore.framework in Frameworks */ = {isa = PBXBuildFile; fileRef = 04AAECCC1A1ED2B700B5254B /* QuartzCore.framework */; };
		04AAECCF1A1ED2C100B5254B /* CoreTelephony.framework in Frameworks */ = {isa = PBXBuildFile; fileRef = 04AAECCE1A1ED2C100B5254B /* CoreTelephony.framework */; };
		04AAECD11A1ED2D400B5254B /* libicucore.dylib in Frameworks */ = {isa = PBXBuildFile; fileRef = 04AAECD01A1ED2D400B5254B /* libicucore.dylib */; };
		04AAECD31A1ED2DD00B5254B /* libz.1.2.5.dylib in Frameworks */ = {isa = PBXBuildFile; fileRef = 04AAECD21A1ED2DD00B5254B /* libz.1.2.5.dylib */; };
		04AAECD51A1ED2E700B5254B /* Security.framework in Frameworks */ = {isa = PBXBuildFile; fileRef = 04AAECD41A1ED2E700B5254B /* Security.framework */; };
		04AAECD71A1ED2F400B5254B /* libstdc++.dylib in Frameworks */ = {isa = PBXBuildFile; fileRef = 04AAECD61A1ED2F400B5254B /* libstdc++.dylib */; };
		04AAECD91A1ED31600B5254B /* MessageUI.framework in Frameworks */ = {isa = PBXBuildFile; fileRef = 04AAECD81A1ED31600B5254B /* MessageUI.framework */; };
		04AAECDB1A1ED32F00B5254B /* libsqlite3.dylib in Frameworks */ = {isa = PBXBuildFile; fileRef = 04AAECDA1A1ED32F00B5254B /* libsqlite3.dylib */; };
		04AAECFF1A1EE0E300B5254B /* MailConnection.framework in Frameworks */ = {isa = PBXBuildFile; fileRef = 04AAECDF1A1EE0E300B5254B /* MailConnection.framework */; };
		04AAED001A1EE0E300B5254B /* QQConnection.framework in Frameworks */ = {isa = PBXBuildFile; fileRef = 04AAECE01A1EE0E300B5254B /* QQConnection.framework */; };
		04AAED011A1EE0E300B5254B /* QZoneConnection.framework in Frameworks */ = {isa = PBXBuildFile; fileRef = 04AAECE11A1EE0E300B5254B /* QZoneConnection.framework */; };
		04AAED021A1EE0E300B5254B /* SinaWeiboConnection.framework in Frameworks */ = {isa = PBXBuildFile; fileRef = 04AAECE21A1EE0E300B5254B /* SinaWeiboConnection.framework */; };
		04AAED031A1EE0E300B5254B /* SMSConnection.framework in Frameworks */ = {isa = PBXBuildFile; fileRef = 04AAECE31A1EE0E300B5254B /* SMSConnection.framework */; };
		04AAED041A1EE0E300B5254B /* WeChatConnection.framework in Frameworks */ = {isa = PBXBuildFile; fileRef = 04AAECE41A1EE0E300B5254B /* WeChatConnection.framework */; };
		04AAED051A1EE0E300B5254B /* AGCommon.framework in Frameworks */ = {isa = PBXBuildFile; fileRef = 04AAECE61A1EE0E300B5254B /* AGCommon.framework */; };
		04AAED061A1EE0E300B5254B /* ShareSDKLocalizable.strings in Resources */ = {isa = PBXBuildFile; fileRef = 04AAECE71A1EE0E300B5254B /* ShareSDKLocalizable.strings */; };
		04AAED071A1EE0E300B5254B /* Resource.bundle in Resources */ = {isa = PBXBuildFile; fileRef = 04AAECE91A1EE0E300B5254B /* Resource.bundle */; };
		04AAED081A1EE0E300B5254B /* ShareSDKCoreService.framework in Frameworks */ = {isa = PBXBuildFile; fileRef = 04AAECEA1A1EE0E300B5254B /* ShareSDKCoreService.framework */; };
		04AAED091A1EE0E300B5254B /* TencentOpenAPI.framework in Frameworks */ = {isa = PBXBuildFile; fileRef = 04AAECEE1A1EE0E300B5254B /* TencentOpenAPI.framework */; };
		04AAED0A1A1EE0E300B5254B /* TencentOpenApi_IOS_Bundle.bundle in Resources */ = {isa = PBXBuildFile; fileRef = 04AAECEF1A1EE0E300B5254B /* TencentOpenApi_IOS_Bundle.bundle */; };
		04AAED0B1A1EE0E300B5254B /* libSinaWeiboSDK.a in Frameworks */ = {isa = PBXBuildFile; fileRef = 04AAECF21A1EE0E300B5254B /* libSinaWeiboSDK.a */; };
		04AAED0C1A1EE0E300B5254B /* WeiboSDK.bundle in Resources */ = {isa = PBXBuildFile; fileRef = 04AAECF31A1EE0E300B5254B /* WeiboSDK.bundle */; };
		04AAED0D1A1EE0E300B5254B /* libWeChatSDK.a in Frameworks */ = {isa = PBXBuildFile; fileRef = 04AAECF71A1EE0E300B5254B /* libWeChatSDK.a */; };
		04AAED0E1A1EE0E300B5254B /* ShareSDK.framework in Frameworks */ = {isa = PBXBuildFile; fileRef = 04AAECFA1A1EE0E300B5254B /* ShareSDK.framework */; };
		04AAED0F1A1EE0E300B5254B /* ShareSDKFlatShareViewUI.bundle in Resources */ = {isa = PBXBuildFile; fileRef = 04AAECFC1A1EE0E300B5254B /* ShareSDKFlatShareViewUI.bundle */; };
		04AAED101A1EE0E300B5254B /* ShareSDKFlatShareViewUI.framework in Frameworks */ = {isa = PBXBuildFile; fileRef = 04AAECFD1A1EE0E300B5254B /* ShareSDKFlatShareViewUI.framework */; };
		04AAED111A1EE0E300B5254B /* ShareSDKShareActionSheet.framework in Frameworks */ = {isa = PBXBuildFile; fileRef = 04AAECFE1A1EE0E300B5254B /* ShareSDKShareActionSheet.framework */; };
		04B68CAE1A1B5851002A35AF /* main.m in Sources */ = {isa = PBXBuildFile; fileRef = 04B68CAD1A1B5851002A35AF /* main.m */; };
		04B68CB11A1B5851002A35AF /* AppDelegate.m in Sources */ = {isa = PBXBuildFile; fileRef = 04B68CB01A1B5851002A35AF /* AppDelegate.m */; };
		04B68CB71A1B5852002A35AF /* Main.storyboard in Resources */ = {isa = PBXBuildFile; fileRef = 04B68CB51A1B5852002A35AF /* Main.storyboard */; };
		04B68CB91A1B5852002A35AF /* Images.xcassets in Resources */ = {isa = PBXBuildFile; fileRef = 04B68CB81A1B5852002A35AF /* Images.xcassets */; };
		04B68CBC1A1B5852002A35AF /* LaunchScreen.xib in Resources */ = {isa = PBXBuildFile; fileRef = 04B68CBA1A1B5852002A35AF /* LaunchScreen.xib */; };
		04B68CC81A1B5852002A35AF /* XinNetTests.m in Sources */ = {isa = PBXBuildFile; fileRef = 04B68CC71A1B5852002A35AF /* XinNetTests.m */; };
		556EB0E21A1B598F006D5E0F /* marketController.m in Sources */ = {isa = PBXBuildFile; fileRef = 556EB0811A1B598F006D5E0F /* marketController.m */; };
		556EB0E31A1B598F006D5E0F /* markertDetailsView.m in Sources */ = {isa = PBXBuildFile; fileRef = 556EB0861A1B598F006D5E0F /* markertDetailsView.m */; };
		556EB0E41A1B598F006D5E0F /* marketCell.m in Sources */ = {isa = PBXBuildFile; fileRef = 556EB0881A1B598F006D5E0F /* marketCell.m */; };
		556EB0E61A1B598F006D5E0F /* businessController.m in Sources */ = {isa = PBXBuildFile; fileRef = 556EB0931A1B598F006D5E0F /* businessController.m */; };
		556EB0E71A1B598F006D5E0F /* businessDetailsView.m in Sources */ = {isa = PBXBuildFile; fileRef = 556EB0981A1B598F006D5E0F /* businessDetailsView.m */; };
		556EB0E81A1B598F006D5E0F /* companyJOBController.m in Sources */ = {isa = PBXBuildFile; fileRef = 556EB09C1A1B598F006D5E0F /* companyJOBController.m */; };
		556EB0E91A1B598F006D5E0F /* companyYellowController.m in Sources */ = {isa = PBXBuildFile; fileRef = 556EB0A31A1B598F006D5E0F /* companyYellowController.m */; };
		556EB0EA1A1B598F006D5E0F /* companyDetailsView.m in Sources */ = {isa = PBXBuildFile; fileRef = 556EB0A81A1B598F006D5E0F /* companyDetailsView.m */; };
		556EB0EB1A1B598F006D5E0F /* companyYellowCell.m in Sources */ = {isa = PBXBuildFile; fileRef = 556EB0AA1A1B598F006D5E0F /* companyYellowCell.m */; };
		556EB0EC1A1B598F006D5E0F /* MainController.m in Sources */ = {isa = PBXBuildFile; fileRef = 556EB0AE1A1B598F006D5E0F /* MainController.m */; };
		556EB0ED1A1B598F006D5E0F /* interfaceController.m in Sources */ = {isa = PBXBuildFile; fileRef = 556EB0B51A1B598F006D5E0F /* interfaceController.m */; };
		556EB0EE1A1B598F006D5E0F /* interfaceDetailsView.m in Sources */ = {isa = PBXBuildFile; fileRef = 556EB0BA1A1B598F006D5E0F /* interfaceDetailsView.m */; };
		556EB0EF1A1B598F006D5E0F /* moreController.m in Sources */ = {isa = PBXBuildFile; fileRef = 556EB0BE1A1B598F006D5E0F /* moreController.m */; };
		556EB0F11A1B598F006D5E0F /* UIBarButtonItem+MJ.m in Sources */ = {isa = PBXBuildFile; fileRef = 556EB0C81A1B598F006D5E0F /* UIBarButtonItem+MJ.m */; };
		556EB0F21A1B598F006D5E0F /* WBNavigationController.m in Sources */ = {isa = PBXBuildFile; fileRef = 556EB0CA1A1B598F006D5E0F /* WBNavigationController.m */; };
		556EB0F31A1B598F006D5E0F /* productController.m in Sources */ = {isa = PBXBuildFile; fileRef = 556EB0CE1A1B598F006D5E0F /* productController.m */; };
		556EB0F41A1B598F006D5E0F /* productDetailsView.m in Sources */ = {isa = PBXBuildFile; fileRef = 556EB0D31A1B598F006D5E0F /* productDetailsView.m */; };
		556EB0F61A1B598F006D5E0F /* nav_code@2x.png in Resources */ = {isa = PBXBuildFile; fileRef = 556EB0D71A1B598F006D5E0F /* nav_code@2x.png */; };
		556EB0F71A1B598F006D5E0F /* nav_logo@2x.png in Resources */ = {isa = PBXBuildFile; fileRef = 556EB0D81A1B598F006D5E0F /* nav_logo@2x.png */; };
		556EB0F81A1B598F006D5E0F /* nav_return@2x.png in Resources */ = {isa = PBXBuildFile; fileRef = 556EB0D91A1B598F006D5E0F /* nav_return@2x.png */; };
		556EB0F91A1B598F006D5E0F /* nav_searchhome@2x.png in Resources */ = {isa = PBXBuildFile; fileRef = 556EB0DA1A1B598F006D5E0F /* nav_searchhome@2x.png */; };
		556EB0FA1A1B598F006D5E0F /* squareController.m in Sources */ = {isa = PBXBuildFile; fileRef = 556EB0DE1A1B598F006D5E0F /* squareController.m */; };
		556EB0FD1A1B748B006D5E0F /* YYSearchButton.m in Sources */ = {isa = PBXBuildFile; fileRef = 556EB0FC1A1B748B006D5E0F /* YYSearchButton.m */; };
		556EB1001A1B7803006D5E0F /* YYalertView.m in Sources */ = {isa = PBXBuildFile; fileRef = 556EB0FF1A1B7803006D5E0F /* YYalertView.m */; };
		55BA010B1A1D6FAA00D19D4E /* companyJobCell.m in Sources */ = {isa = PBXBuildFile; fileRef = 55BA010A1A1D6FAA00D19D4E /* companyJobCell.m */; };
		55BA01111A1D6FF800D19D4E /* jobDetailsView.m in Sources */ = {isa = PBXBuildFile; fileRef = 55BA01101A1D6FF800D19D4E /* jobDetailsView.m */; };
		55BA01141A1D752400D19D4E /* finish@2x.png in Resources */ = {isa = PBXBuildFile; fileRef = 55BA01121A1D752400D19D4E /* finish@2x.png */; };
		55BA01151A1D752400D19D4E /* finish1@2x.png in Resources */ = {isa = PBXBuildFile; fileRef = 55BA01131A1D752400D19D4E /* finish1@2x.png */; };
		55C76F0D1A1C44470074640C /* markertWriteSucess.m in Sources */ = {isa = PBXBuildFile; fileRef = 55C76F0C1A1C44470074640C /* markertWriteSucess.m */; };
		55C76F7C1A1C78490074640C /* RemindView.m in Sources */ = {isa = PBXBuildFile; fileRef = 55C76F7B1A1C78490074640C /* RemindView.m */; };
		55C76F7F1A1C78750074640C /* AdaptationSize.m in Sources */ = {isa = PBXBuildFile; fileRef = 55C76F7E1A1C78750074640C /* AdaptationSize.m */; };
		55C76F821A1C7E370074640C /* companyProfilesView.m in Sources */ = {isa = PBXBuildFile; fileRef = 55C76F811A1C7E370074640C /* companyProfilesView.m */; };
		55C76F8D1A1C87A90074640C /* SearchViewController.m in Sources */ = {isa = PBXBuildFile; fileRef = 55C76F8C1A1C87A90074640C /* SearchViewController.m */; };
		55C76F901A1C8C5A0074640C /* l.png in Resources */ = {isa = PBXBuildFile; fileRef = 55C76F8E1A1C8C5A0074640C /* l.png */; };
		55C76F911A1C8C5A0074640C /* SHSJT_up@2x.png in Resources */ = {isa = PBXBuildFile; fileRef = 55C76F8F1A1C8C5A0074640C /* SHSJT_up@2x.png */; };
/* End PBXBuildFile section */

/* Begin PBXContainerItemProxy section */
		04B68CC21A1B5852002A35AF /* PBXContainerItemProxy */ = {
			isa = PBXContainerItemProxy;
			containerPortal = 04B68CA01A1B5851002A35AF /* Project object */;
			proxyType = 1;
			remoteGlobalIDString = 04B68CA71A1B5851002A35AF;
			remoteInfo = XinNet;
		};
/* End PBXContainerItemProxy section */

/* Begin PBXFileReference section */
		04AAEC0C1A1EC9F200B5254B /* Default-568h@2x.png */ = {isa = PBXFileReference; lastKnownFileType = image.png; path = "Default-568h@2x.png"; sourceTree = "<group>"; };
		04AAEC0D1A1EC9F200B5254B /* finish_pre@2x.png */ = {isa = PBXFileReference; lastKnownFileType = image.png; path = "finish_pre@2x.png"; sourceTree = "<group>"; };
		04AAEC0E1A1EC9F200B5254B /* finish@2x.png */ = {isa = PBXFileReference; lastKnownFileType = image.png; path = "finish@2x.png"; sourceTree = "<group>"; };
		04AAEC0F1A1EC9F200B5254B /* off@2x.png */ = {isa = PBXFileReference; lastKnownFileType = image.png; path = "off@2x.png"; sourceTree = "<group>"; };
		04AAEC101A1EC9F200B5254B /* on@2x.png */ = {isa = PBXFileReference; lastKnownFileType = image.png; path = "on@2x.png"; sourceTree = "<group>"; };
		04AAEC1B1A1ECD2800B5254B /* MyMsgController.h */ = {isa = PBXFileReference; fileEncoding = 4; lastKnownFileType = sourcecode.c.h; path = MyMsgController.h; sourceTree = "<group>"; };
		04AAEC1C1A1ECD2800B5254B /* MyMsgController.m */ = {isa = PBXFileReference; fileEncoding = 4; lastKnownFileType = sourcecode.c.objc; path = MyMsgController.m; sourceTree = "<group>"; };
		04AAEC1D1A1ECD2800B5254B /* MyCommentController.h */ = {isa = PBXFileReference; fileEncoding = 4; lastKnownFileType = sourcecode.c.h; path = MyCommentController.h; sourceTree = "<group>"; };
		04AAEC1E1A1ECD2800B5254B /* MyCommentController.m */ = {isa = PBXFileReference; fileEncoding = 4; lastKnownFileType = sourcecode.c.objc; path = MyCommentController.m; sourceTree = "<group>"; };
		04AAEC1F1A1ECD2800B5254B /* MyFavoriteController.h */ = {isa = PBXFileReference; fileEncoding = 4; lastKnownFileType = sourcecode.c.h; path = MyFavoriteController.h; sourceTree = "<group>"; };
		04AAEC201A1ECD2800B5254B /* MyFavoriteController.m */ = {isa = PBXFileReference; fileEncoding = 4; lastKnownFileType = sourcecode.c.objc; path = MyFavoriteController.m; sourceTree = "<group>"; };
		04AAEC211A1ECD2800B5254B /* MyDemandController.h */ = {isa = PBXFileReference; fileEncoding = 4; lastKnownFileType = sourcecode.c.h; path = MyDemandController.h; sourceTree = "<group>"; };
		04AAEC221A1ECD2800B5254B /* MyDemandController.m */ = {isa = PBXFileReference; fileEncoding = 4; lastKnownFileType = sourcecode.c.objc; path = MyDemandController.m; sourceTree = "<group>"; };
		04AAEC251A1ECD2800B5254B /* LoginController.h */ = {isa = PBXFileReference; fileEncoding = 4; lastKnownFileType = sourcecode.c.h; path = LoginController.h; sourceTree = "<group>"; };
		04AAEC261A1ECD2800B5254B /* LoginController.m */ = {isa = PBXFileReference; fileEncoding = 4; lastKnownFileType = sourcecode.c.objc; path = LoginController.m; sourceTree = "<group>"; };
		04AAEC271A1ECD2800B5254B /* RegisterController.h */ = {isa = PBXFileReference; fileEncoding = 4; lastKnownFileType = sourcecode.c.h; path = RegisterController.h; sourceTree = "<group>"; };
		04AAEC281A1ECD2800B5254B /* RegisterController.m */ = {isa = PBXFileReference; fileEncoding = 4; lastKnownFileType = sourcecode.c.objc; path = RegisterController.m; sourceTree = "<group>"; };
		04AAEC291A1ECD2800B5254B /* NextRegisterController.h */ = {isa = PBXFileReference; fileEncoding = 4; lastKnownFileType = sourcecode.c.h; path = NextRegisterController.h; sourceTree = "<group>"; };
		04AAEC2A1A1ECD2800B5254B /* NextRegisterController.m */ = {isa = PBXFileReference; fileEncoding = 4; lastKnownFileType = sourcecode.c.objc; path = NextRegisterController.m; sourceTree = "<group>"; };
		04AAEC331A1ECD3000B5254B /* PersonCenterController.h */ = {isa = PBXFileReference; fileEncoding = 4; lastKnownFileType = sourcecode.c.h; path = PersonCenterController.h; sourceTree = "<group>"; };
		04AAEC341A1ECD3000B5254B /* PersonCenterController.m */ = {isa = PBXFileReference; fileEncoding = 4; lastKnownFileType = sourcecode.c.objc; path = PersonCenterController.m; sourceTree = "<group>"; };
		04AAEC361A1ECD4C00B5254B /* DemandView.h */ = {isa = PBXFileReference; fileEncoding = 4; lastKnownFileType = sourcecode.c.h; path = DemandView.h; sourceTree = "<group>"; };
		04AAEC371A1ECD4C00B5254B /* DemandView.m */ = {isa = PBXFileReference; fileEncoding = 4; lastKnownFileType = sourcecode.c.objc; path = DemandView.m; sourceTree = "<group>"; };
		04AAEC381A1ECD4C00B5254B /* DemandListView.h */ = {isa = PBXFileReference; fileEncoding = 4; lastKnownFileType = sourcecode.c.h; path = DemandListView.h; sourceTree = "<group>"; };
		04AAEC391A1ECD4C00B5254B /* DemandListView.m */ = {isa = PBXFileReference; fileEncoding = 4; lastKnownFileType = sourcecode.c.objc; path = DemandListView.m; sourceTree = "<group>"; };
		04AAEC3A1A1ECD4C00B5254B /* ResetView.h */ = {isa = PBXFileReference; fileEncoding = 4; lastKnownFileType = sourcecode.c.h; path = ResetView.h; sourceTree = "<group>"; };
		04AAEC3B1A1ECD4C00B5254B /* ResetView.m */ = {isa = PBXFileReference; fileEncoding = 4; lastKnownFileType = sourcecode.c.objc; path = ResetView.m; sourceTree = "<group>"; };
		04AAEC3F1A1ECD5600B5254B /* SystemMsgItem.h */ = {isa = PBXFileReference; fileEncoding = 4; lastKnownFileType = sourcecode.c.h; path = SystemMsgItem.h; sourceTree = "<group>"; };
		04AAEC401A1ECD5600B5254B /* SystemMsgItem.m */ = {isa = PBXFileReference; fileEncoding = 4; lastKnownFileType = sourcecode.c.objc; path = SystemMsgItem.m; sourceTree = "<group>"; };
		04AAEC411A1ECD5600B5254B /* SubscripMsgItem.h */ = {isa = PBXFileReference; fileEncoding = 4; lastKnownFileType = sourcecode.c.h; path = SubscripMsgItem.h; sourceTree = "<group>"; };
		04AAEC421A1ECD5600B5254B /* SubscripMsgItem.m */ = {isa = PBXFileReference; fileEncoding = 4; lastKnownFileType = sourcecode.c.objc; path = SubscripMsgItem.m; sourceTree = "<group>"; };
		04AAEC431A1ECD5600B5254B /* CommentItem.h */ = {isa = PBXFileReference; fileEncoding = 4; lastKnownFileType = sourcecode.c.h; path = CommentItem.h; sourceTree = "<group>"; };
		04AAEC441A1ECD5600B5254B /* CommentItem.m */ = {isa = PBXFileReference; fileEncoding = 4; lastKnownFileType = sourcecode.c.objc; path = CommentItem.m; sourceTree = "<group>"; };
		04AAEC451A1ECD5600B5254B /* FavoriteItem.h */ = {isa = PBXFileReference; fileEncoding = 4; lastKnownFileType = sourcecode.c.h; path = FavoriteItem.h; sourceTree = "<group>"; };
		04AAEC461A1ECD5600B5254B /* FavoriteItem.m */ = {isa = PBXFileReference; fileEncoding = 4; lastKnownFileType = sourcecode.c.objc; path = FavoriteItem.m; sourceTree = "<group>"; };
		04AAEC471A1ECD5600B5254B /* DemandItem.h */ = {isa = PBXFileReference; fileEncoding = 4; lastKnownFileType = sourcecode.c.h; path = DemandItem.h; sourceTree = "<group>"; };
		04AAEC481A1ECD5600B5254B /* DemandItem.m */ = {isa = PBXFileReference; fileEncoding = 4; lastKnownFileType = sourcecode.c.objc; path = DemandItem.m; sourceTree = "<group>"; };
		04AAEC4E1A1ECD6400B5254B /* SystemMsgCell.h */ = {isa = PBXFileReference; fileEncoding = 4; lastKnownFileType = sourcecode.c.h; path = SystemMsgCell.h; sourceTree = "<group>"; };
		04AAEC4F1A1ECD6400B5254B /* SystemMsgCell.m */ = {isa = PBXFileReference; fileEncoding = 4; lastKnownFileType = sourcecode.c.objc; path = SystemMsgCell.m; sourceTree = "<group>"; };
		04AAEC501A1ECD6400B5254B /* SubscripMsgCell.h */ = {isa = PBXFileReference; fileEncoding = 4; lastKnownFileType = sourcecode.c.h; path = SubscripMsgCell.h; sourceTree = "<group>"; };
		04AAEC511A1ECD6400B5254B /* SubscripMsgCell.m */ = {isa = PBXFileReference; fileEncoding = 4; lastKnownFileType = sourcecode.c.objc; path = SubscripMsgCell.m; sourceTree = "<group>"; };
		04AAEC521A1ECD6400B5254B /* CommentCell.h */ = {isa = PBXFileReference; fileEncoding = 4; lastKnownFileType = sourcecode.c.h; path = CommentCell.h; sourceTree = "<group>"; };
		04AAEC531A1ECD6400B5254B /* CommentCell.m */ = {isa = PBXFileReference; fileEncoding = 4; lastKnownFileType = sourcecode.c.objc; path = CommentCell.m; sourceTree = "<group>"; };
		04AAEC541A1ECD6400B5254B /* FavoriteCell.h */ = {isa = PBXFileReference; fileEncoding = 4; lastKnownFileType = sourcecode.c.h; path = FavoriteCell.h; sourceTree = "<group>"; };
		04AAEC551A1ECD6400B5254B /* FavoriteCell.m */ = {isa = PBXFileReference; fileEncoding = 4; lastKnownFileType = sourcecode.c.objc; path = FavoriteCell.m; sourceTree = "<group>"; };
		04AAEC561A1ECD6400B5254B /* SelectCell.h */ = {isa = PBXFileReference; fileEncoding = 4; lastKnownFileType = sourcecode.c.h; path = SelectCell.h; sourceTree = "<group>"; };
		04AAEC571A1ECD6400B5254B /* SelectCell.m */ = {isa = PBXFileReference; fileEncoding = 4; lastKnownFileType = sourcecode.c.objc; path = SelectCell.m; sourceTree = "<group>"; };
		04AAEC581A1ECD6400B5254B /* DemandCell.h */ = {isa = PBXFileReference; fileEncoding = 4; lastKnownFileType = sourcecode.c.h; path = DemandCell.h; sourceTree = "<group>"; };
		04AAEC591A1ECD6400B5254B /* DemandCell.m */ = {isa = PBXFileReference; fileEncoding = 4; lastKnownFileType = sourcecode.c.objc; path = DemandCell.m; sourceTree = "<group>"; };
		04AAEC661A1ECF6F00B5254B /* aboutController.h */ = {isa = PBXFileReference; fileEncoding = 4; lastKnownFileType = sourcecode.c.h; path = aboutController.h; sourceTree = "<group>"; };
		04AAEC671A1ECF6F00B5254B /* aboutController.m */ = {isa = PBXFileReference; fileEncoding = 4; lastKnownFileType = sourcecode.c.objc; path = aboutController.m; sourceTree = "<group>"; };
		04AAEC6D1A1ECFD300B5254B /* GlobalInstance.h */ = {isa = PBXFileReference; fileEncoding = 4; lastKnownFileType = sourcecode.c.h; path = GlobalInstance.h; sourceTree = "<group>"; };
		04AAEC6E1A1ECFD300B5254B /* GlobalInstance.m */ = {isa = PBXFileReference; fileEncoding = 4; lastKnownFileType = sourcecode.c.objc; path = GlobalInstance.m; sourceTree = "<group>"; };
		04AAECA51A1ED06500B5254B /* SquareUserItem.h */ = {isa = PBXFileReference; fileEncoding = 4; lastKnownFileType = sourcecode.c.h; path = SquareUserItem.h; sourceTree = "<group>"; };
		04AAECA61A1ED06500B5254B /* SquareUserItem.m */ = {isa = PBXFileReference; fileEncoding = 4; lastKnownFileType = sourcecode.c.objc; path = SquareUserItem.m; sourceTree = "<group>"; };
		04AAECA81A1ED07200B5254B /* PublishTopicController.h */ = {isa = PBXFileReference; fileEncoding = 4; lastKnownFileType = sourcecode.c.h; path = PublishTopicController.h; sourceTree = "<group>"; };
		04AAECA91A1ED07200B5254B /* PublishTopicController.m */ = {isa = PBXFileReference; fileEncoding = 4; lastKnownFileType = sourcecode.c.objc; path = PublishTopicController.m; sourceTree = "<group>"; };
		04AAECAA1A1ED07200B5254B /* PersonalController.h */ = {isa = PBXFileReference; fileEncoding = 4; lastKnownFileType = sourcecode.c.h; path = PersonalController.h; sourceTree = "<group>"; };
		04AAECAB1A1ED07200B5254B /* PersonalController.m */ = {isa = PBXFileReference; fileEncoding = 4; lastKnownFileType = sourcecode.c.objc; path = PersonalController.m; sourceTree = "<group>"; };
		04AAECAF1A1ED08D00B5254B /* SquareHeadView.h */ = {isa = PBXFileReference; fileEncoding = 4; lastKnownFileType = sourcecode.c.h; path = SquareHeadView.h; sourceTree = "<group>"; };
		04AAECB01A1ED08D00B5254B /* SquareHeadView.m */ = {isa = PBXFileReference; fileEncoding = 4; lastKnownFileType = sourcecode.c.objc; path = SquareHeadView.m; sourceTree = "<group>"; };
		04AAECB11A1ED08D00B5254B /* TJImageView.h */ = {isa = PBXFileReference; fileEncoding = 4; lastKnownFileType = sourcecode.c.h; path = TJImageView.h; sourceTree = "<group>"; };
		04AAECB21A1ED08D00B5254B /* TJImageView.m */ = {isa = PBXFileReference; fileEncoding = 4; lastKnownFileType = sourcecode.c.objc; path = TJImageView.m; sourceTree = "<group>"; };
		04AAECB61A1ED09F00B5254B /* SquareCell.h */ = {isa = PBXFileReference; fileEncoding = 4; lastKnownFileType = sourcecode.c.h; path = SquareCell.h; sourceTree = "<group>"; };
		04AAECB71A1ED09F00B5254B /* SquareCell.m */ = {isa = PBXFileReference; fileEncoding = 4; lastKnownFileType = sourcecode.c.objc; path = SquareCell.m; sourceTree = "<group>"; };
		04AAECBC1A1ED11800B5254B /* MoreListView.h */ = {isa = PBXFileReference; fileEncoding = 4; lastKnownFileType = sourcecode.c.h; path = MoreListView.h; sourceTree = "<group>"; };
		04AAECBD1A1ED11800B5254B /* MoreListView.m */ = {isa = PBXFileReference; fileEncoding = 4; lastKnownFileType = sourcecode.c.objc; path = MoreListView.m; sourceTree = "<group>"; };
		04AAECC01A1ED14700B5254B /* SettingController.h */ = {isa = PBXFileReference; fileEncoding = 4; lastKnownFileType = sourcecode.c.h; path = SettingController.h; sourceTree = "<group>"; };
		04AAECC11A1ED14700B5254B /* SettingController.m */ = {isa = PBXFileReference; fileEncoding = 4; lastKnownFileType = sourcecode.c.objc; path = SettingController.m; sourceTree = "<group>"; };
		04AAECC21A1ED14700B5254B /* AdviceController.h */ = {isa = PBXFileReference; fileEncoding = 4; lastKnownFileType = sourcecode.c.h; path = AdviceController.h; sourceTree = "<group>"; };
		04AAECC31A1ED14700B5254B /* AdviceController.m */ = {isa = PBXFileReference; fileEncoding = 4; lastKnownFileType = sourcecode.c.objc; path = AdviceController.m; sourceTree = "<group>"; };
		04AAECC71A1ED1EF00B5254B /* ListView.h */ = {isa = PBXFileReference; fileEncoding = 4; lastKnownFileType = sourcecode.c.h; path = ListView.h; sourceTree = "<group>"; };
		04AAECC81A1ED1EF00B5254B /* ListView.m */ = {isa = PBXFileReference; fileEncoding = 4; lastKnownFileType = sourcecode.c.objc; path = ListView.m; sourceTree = "<group>"; };
		04AAECCA1A1ED2A400B5254B /* SystemConfiguration.framework */ = {isa = PBXFileReference; lastKnownFileType = wrapper.framework; name = SystemConfiguration.framework; path = System/Library/Frameworks/SystemConfiguration.framework; sourceTree = SDKROOT; };
		04AAECCC1A1ED2B700B5254B /* QuartzCore.framework */ = {isa = PBXFileReference; lastKnownFileType = wrapper.framework; name = QuartzCore.framework; path = System/Library/Frameworks/QuartzCore.framework; sourceTree = SDKROOT; };
		04AAECCE1A1ED2C100B5254B /* CoreTelephony.framework */ = {isa = PBXFileReference; lastKnownFileType = wrapper.framework; name = CoreTelephony.framework; path = System/Library/Frameworks/CoreTelephony.framework; sourceTree = SDKROOT; };
		04AAECD01A1ED2D400B5254B /* libicucore.dylib */ = {isa = PBXFileReference; lastKnownFileType = "compiled.mach-o.dylib"; name = libicucore.dylib; path = usr/lib/libicucore.dylib; sourceTree = SDKROOT; };
		04AAECD21A1ED2DD00B5254B /* libz.1.2.5.dylib */ = {isa = PBXFileReference; lastKnownFileType = "compiled.mach-o.dylib"; name = libz.1.2.5.dylib; path = usr/lib/libz.1.2.5.dylib; sourceTree = SDKROOT; };
		04AAECD41A1ED2E700B5254B /* Security.framework */ = {isa = PBXFileReference; lastKnownFileType = wrapper.framework; name = Security.framework; path = System/Library/Frameworks/Security.framework; sourceTree = SDKROOT; };
		04AAECD61A1ED2F400B5254B /* libstdc++.dylib */ = {isa = PBXFileReference; lastKnownFileType = "compiled.mach-o.dylib"; name = "libstdc++.dylib"; path = "usr/lib/libstdc++.dylib"; sourceTree = SDKROOT; };
		04AAECD81A1ED31600B5254B /* MessageUI.framework */ = {isa = PBXFileReference; lastKnownFileType = wrapper.framework; name = MessageUI.framework; path = System/Library/Frameworks/MessageUI.framework; sourceTree = SDKROOT; };
		04AAECDA1A1ED32F00B5254B /* libsqlite3.dylib */ = {isa = PBXFileReference; lastKnownFileType = "compiled.mach-o.dylib"; name = libsqlite3.dylib; path = usr/lib/libsqlite3.dylib; sourceTree = SDKROOT; };
		04AAECDF1A1EE0E300B5254B /* MailConnection.framework */ = {isa = PBXFileReference; lastKnownFileType = wrapper.framework; path = MailConnection.framework; sourceTree = "<group>"; };
		04AAECE01A1EE0E300B5254B /* QQConnection.framework */ = {isa = PBXFileReference; lastKnownFileType = wrapper.framework; path = QQConnection.framework; sourceTree = "<group>"; };
		04AAECE11A1EE0E300B5254B /* QZoneConnection.framework */ = {isa = PBXFileReference; lastKnownFileType = wrapper.framework; path = QZoneConnection.framework; sourceTree = "<group>"; };
		04AAECE21A1EE0E300B5254B /* SinaWeiboConnection.framework */ = {isa = PBXFileReference; lastKnownFileType = wrapper.framework; path = SinaWeiboConnection.framework; sourceTree = "<group>"; };
		04AAECE31A1EE0E300B5254B /* SMSConnection.framework */ = {isa = PBXFileReference; lastKnownFileType = wrapper.framework; path = SMSConnection.framework; sourceTree = "<group>"; };
		04AAECE41A1EE0E300B5254B /* WeChatConnection.framework */ = {isa = PBXFileReference; lastKnownFileType = wrapper.framework; path = WeChatConnection.framework; sourceTree = "<group>"; };
		04AAECE61A1EE0E300B5254B /* AGCommon.framework */ = {isa = PBXFileReference; lastKnownFileType = wrapper.framework; path = AGCommon.framework; sourceTree = "<group>"; };
		04AAECE81A1EE0E300B5254B /* en */ = {isa = PBXFileReference; lastKnownFileType = text.plist.strings; name = en; path = en.lproj/ShareSDKLocalizable.strings; sourceTree = "<group>"; };
		04AAECE91A1EE0E300B5254B /* Resource.bundle */ = {isa = PBXFileReference; lastKnownFileType = "wrapper.plug-in"; path = Resource.bundle; sourceTree = "<group>"; };
		04AAECEA1A1EE0E300B5254B /* ShareSDKCoreService.framework */ = {isa = PBXFileReference; lastKnownFileType = wrapper.framework; path = ShareSDKCoreService.framework; sourceTree = "<group>"; };
		04AAECEB1A1EE0E300B5254B /* zh-Hans */ = {isa = PBXFileReference; lastKnownFileType = text.plist.strings; name = "zh-Hans"; path = "zh-Hans.lproj/ShareSDKLocalizable.strings"; sourceTree = "<group>"; };
		04AAECEE1A1EE0E300B5254B /* TencentOpenAPI.framework */ = {isa = PBXFileReference; lastKnownFileType = wrapper.framework; path = TencentOpenAPI.framework; sourceTree = "<group>"; };
		04AAECEF1A1EE0E300B5254B /* TencentOpenApi_IOS_Bundle.bundle */ = {isa = PBXFileReference; lastKnownFileType = "wrapper.plug-in"; path = TencentOpenApi_IOS_Bundle.bundle; sourceTree = "<group>"; };
		04AAECF21A1EE0E300B5254B /* libSinaWeiboSDK.a */ = {isa = PBXFileReference; lastKnownFileType = archive.ar; path = libSinaWeiboSDK.a; sourceTree = "<group>"; };
		04AAECF31A1EE0E300B5254B /* WeiboSDK.bundle */ = {isa = PBXFileReference; lastKnownFileType = "wrapper.plug-in"; path = WeiboSDK.bundle; sourceTree = "<group>"; };
		04AAECF41A1EE0E300B5254B /* WeiboSDK.h */ = {isa = PBXFileReference; fileEncoding = 4; lastKnownFileType = sourcecode.c.h; path = WeiboSDK.h; sourceTree = "<group>"; };
		04AAECF71A1EE0E300B5254B /* libWeChatSDK.a */ = {isa = PBXFileReference; lastKnownFileType = archive.ar; path = libWeChatSDK.a; sourceTree = "<group>"; };
		04AAECF81A1EE0E300B5254B /* WXApi.h */ = {isa = PBXFileReference; fileEncoding = 4; lastKnownFileType = sourcecode.c.h; path = WXApi.h; sourceTree = "<group>"; };
		04AAECF91A1EE0E300B5254B /* WXApiObject.h */ = {isa = PBXFileReference; fileEncoding = 4; lastKnownFileType = sourcecode.c.h; path = WXApiObject.h; sourceTree = "<group>"; };
		04AAECFA1A1EE0E300B5254B /* ShareSDK.framework */ = {isa = PBXFileReference; lastKnownFileType = wrapper.framework; path = ShareSDK.framework; sourceTree = "<group>"; };
		04AAECFC1A1EE0E300B5254B /* ShareSDKFlatShareViewUI.bundle */ = {isa = PBXFileReference; lastKnownFileType = "wrapper.plug-in"; path = ShareSDKFlatShareViewUI.bundle; sourceTree = "<group>"; };
		04AAECFD1A1EE0E300B5254B /* ShareSDKFlatShareViewUI.framework */ = {isa = PBXFileReference; lastKnownFileType = wrapper.framework; path = ShareSDKFlatShareViewUI.framework; sourceTree = "<group>"; };
		04AAECFE1A1EE0E300B5254B /* ShareSDKShareActionSheet.framework */ = {isa = PBXFileReference; lastKnownFileType = wrapper.framework; path = ShareSDKShareActionSheet.framework; sourceTree = "<group>"; };
		04B68CA81A1B5851002A35AF /* XinNet.app */ = {isa = PBXFileReference; explicitFileType = wrapper.application; includeInIndex = 0; path = XinNet.app; sourceTree = BUILT_PRODUCTS_DIR; };
		04B68CAC1A1B5851002A35AF /* Info.plist */ = {isa = PBXFileReference; lastKnownFileType = text.plist.xml; path = Info.plist; sourceTree = "<group>"; };
		04B68CAD1A1B5851002A35AF /* main.m */ = {isa = PBXFileReference; lastKnownFileType = sourcecode.c.objc; path = main.m; sourceTree = "<group>"; };
		04B68CAF1A1B5851002A35AF /* AppDelegate.h */ = {isa = PBXFileReference; lastKnownFileType = sourcecode.c.h; name = AppDelegate.h; path = ../../../AppDelegate.h; sourceTree = "<group>"; };
		04B68CB01A1B5851002A35AF /* AppDelegate.m */ = {isa = PBXFileReference; lastKnownFileType = sourcecode.c.objc; name = AppDelegate.m; path = ../../../AppDelegate.m; sourceTree = "<group>"; };
		04B68CB61A1B5852002A35AF /* Base */ = {isa = PBXFileReference; lastKnownFileType = file.storyboard; name = Base; path = Base.lproj/Main.storyboard; sourceTree = "<group>"; };
		04B68CB81A1B5852002A35AF /* Images.xcassets */ = {isa = PBXFileReference; lastKnownFileType = folder.assetcatalog; path = Images.xcassets; sourceTree = "<group>"; };
		04B68CBB1A1B5852002A35AF /* Base */ = {isa = PBXFileReference; lastKnownFileType = file.xib; name = Base; path = Base.lproj/LaunchScreen.xib; sourceTree = "<group>"; };
		04B68CC11A1B5852002A35AF /* XinNetTests.xctest */ = {isa = PBXFileReference; explicitFileType = wrapper.cfbundle; includeInIndex = 0; path = XinNetTests.xctest; sourceTree = BUILT_PRODUCTS_DIR; };
		04B68CC61A1B5852002A35AF /* Info.plist */ = {isa = PBXFileReference; lastKnownFileType = text.plist.xml; path = Info.plist; sourceTree = "<group>"; };
		04B68CC71A1B5852002A35AF /* XinNetTests.m */ = {isa = PBXFileReference; lastKnownFileType = sourcecode.c.objc; path = XinNetTests.m; sourceTree = "<group>"; };
		04B68CD11A1B587D002A35AF /* XinNet-Prefix.pch */ = {isa = PBXFileReference; lastKnownFileType = sourcecode.c.h; path = "XinNet-Prefix.pch"; sourceTree = "<group>"; };
		556EB0801A1B598F006D5E0F /* marketController.h */ = {isa = PBXFileReference; fileEncoding = 4; lastKnownFileType = sourcecode.c.h; path = marketController.h; sourceTree = "<group>"; };
		556EB0811A1B598F006D5E0F /* marketController.m */ = {isa = PBXFileReference; fileEncoding = 4; lastKnownFileType = sourcecode.c.objc; path = marketController.m; sourceTree = "<group>"; };
		556EB0851A1B598F006D5E0F /* markertDetailsView.h */ = {isa = PBXFileReference; fileEncoding = 4; lastKnownFileType = sourcecode.c.h; path = markertDetailsView.h; sourceTree = "<group>"; };
		556EB0861A1B598F006D5E0F /* markertDetailsView.m */ = {isa = PBXFileReference; fileEncoding = 4; lastKnownFileType = sourcecode.c.objc; path = markertDetailsView.m; sourceTree = "<group>"; };
		556EB0871A1B598F006D5E0F /* marketCell.h */ = {isa = PBXFileReference; fileEncoding = 4; lastKnownFileType = sourcecode.c.h; path = marketCell.h; sourceTree = "<group>"; };
		556EB0881A1B598F006D5E0F /* marketCell.m */ = {isa = PBXFileReference; fileEncoding = 4; lastKnownFileType = sourcecode.c.objc; path = marketCell.m; sourceTree = "<group>"; };
		556EB0921A1B598F006D5E0F /* businessController.h */ = {isa = PBXFileReference; fileEncoding = 4; lastKnownFileType = sourcecode.c.h; path = businessController.h; sourceTree = "<group>"; };
		556EB0931A1B598F006D5E0F /* businessController.m */ = {isa = PBXFileReference; fileEncoding = 4; lastKnownFileType = sourcecode.c.objc; path = businessController.m; sourceTree = "<group>"; };
		556EB0971A1B598F006D5E0F /* businessDetailsView.h */ = {isa = PBXFileReference; fileEncoding = 4; lastKnownFileType = sourcecode.c.h; path = businessDetailsView.h; sourceTree = "<group>"; };
		556EB0981A1B598F006D5E0F /* businessDetailsView.m */ = {isa = PBXFileReference; fileEncoding = 4; lastKnownFileType = sourcecode.c.objc; path = businessDetailsView.m; sourceTree = "<group>"; };
		556EB09B1A1B598F006D5E0F /* companyJOBController.h */ = {isa = PBXFileReference; fileEncoding = 4; lastKnownFileType = sourcecode.c.h; path = companyJOBController.h; sourceTree = "<group>"; };
		556EB09C1A1B598F006D5E0F /* companyJOBController.m */ = {isa = PBXFileReference; fileEncoding = 4; lastKnownFileType = sourcecode.c.objc; path = companyJOBController.m; sourceTree = "<group>"; };
		556EB0A21A1B598F006D5E0F /* companyYellowController.h */ = {isa = PBXFileReference; fileEncoding = 4; lastKnownFileType = sourcecode.c.h; path = companyYellowController.h; sourceTree = "<group>"; };
		556EB0A31A1B598F006D5E0F /* companyYellowController.m */ = {isa = PBXFileReference; fileEncoding = 4; lastKnownFileType = sourcecode.c.objc; path = companyYellowController.m; sourceTree = "<group>"; };
		556EB0A71A1B598F006D5E0F /* companyDetailsView.h */ = {isa = PBXFileReference; fileEncoding = 4; lastKnownFileType = sourcecode.c.h; path = companyDetailsView.h; sourceTree = "<group>"; };
		556EB0A81A1B598F006D5E0F /* companyDetailsView.m */ = {isa = PBXFileReference; fileEncoding = 4; lastKnownFileType = sourcecode.c.objc; path = companyDetailsView.m; sourceTree = "<group>"; };
		556EB0A91A1B598F006D5E0F /* companyYellowCell.h */ = {isa = PBXFileReference; fileEncoding = 4; lastKnownFileType = sourcecode.c.h; path = companyYellowCell.h; sourceTree = "<group>"; };
		556EB0AA1A1B598F006D5E0F /* companyYellowCell.m */ = {isa = PBXFileReference; fileEncoding = 4; lastKnownFileType = sourcecode.c.objc; path = companyYellowCell.m; sourceTree = "<group>"; };
		556EB0AD1A1B598F006D5E0F /* MainController.h */ = {isa = PBXFileReference; fileEncoding = 4; lastKnownFileType = sourcecode.c.h; path = MainController.h; sourceTree = "<group>"; };
		556EB0AE1A1B598F006D5E0F /* MainController.m */ = {isa = PBXFileReference; fileEncoding = 4; lastKnownFileType = sourcecode.c.objc; path = MainController.m; sourceTree = "<group>"; };
		556EB0B41A1B598F006D5E0F /* interfaceController.h */ = {isa = PBXFileReference; fileEncoding = 4; lastKnownFileType = sourcecode.c.h; path = interfaceController.h; sourceTree = "<group>"; };
		556EB0B51A1B598F006D5E0F /* interfaceController.m */ = {isa = PBXFileReference; fileEncoding = 4; lastKnownFileType = sourcecode.c.objc; path = interfaceController.m; sourceTree = "<group>"; };
		556EB0B91A1B598F006D5E0F /* interfaceDetailsView.h */ = {isa = PBXFileReference; fileEncoding = 4; lastKnownFileType = sourcecode.c.h; path = interfaceDetailsView.h; sourceTree = "<group>"; };
		556EB0BA1A1B598F006D5E0F /* interfaceDetailsView.m */ = {isa = PBXFileReference; fileEncoding = 4; lastKnownFileType = sourcecode.c.objc; path = interfaceDetailsView.m; sourceTree = "<group>"; };
		556EB0BD1A1B598F006D5E0F /* moreController.h */ = {isa = PBXFileReference; fileEncoding = 4; lastKnownFileType = sourcecode.c.h; path = moreController.h; sourceTree = "<group>"; };
		556EB0BE1A1B598F006D5E0F /* moreController.m */ = {isa = PBXFileReference; fileEncoding = 4; lastKnownFileType = sourcecode.c.objc; path = moreController.m; sourceTree = "<group>"; };
		556EB0C61A1B598F006D5E0F /* AppMacro.h */ = {isa = PBXFileReference; fileEncoding = 4; lastKnownFileType = sourcecode.c.h; path = AppMacro.h; sourceTree = "<group>"; };
		556EB0C71A1B598F006D5E0F /* UIBarButtonItem+MJ.h */ = {isa = PBXFileReference; fileEncoding = 4; lastKnownFileType = sourcecode.c.h; path = "UIBarButtonItem+MJ.h"; sourceTree = "<group>"; };
		556EB0C81A1B598F006D5E0F /* UIBarButtonItem+MJ.m */ = {isa = PBXFileReference; fileEncoding = 4; lastKnownFileType = sourcecode.c.objc; path = "UIBarButtonItem+MJ.m"; sourceTree = "<group>"; };
		556EB0C91A1B598F006D5E0F /* WBNavigationController.h */ = {isa = PBXFileReference; fileEncoding = 4; lastKnownFileType = sourcecode.c.h; path = WBNavigationController.h; sourceTree = "<group>"; };
		556EB0CA1A1B598F006D5E0F /* WBNavigationController.m */ = {isa = PBXFileReference; fileEncoding = 4; lastKnownFileType = sourcecode.c.objc; path = WBNavigationController.m; sourceTree = "<group>"; };
		556EB0CD1A1B598F006D5E0F /* productController.h */ = {isa = PBXFileReference; fileEncoding = 4; lastKnownFileType = sourcecode.c.h; path = productController.h; sourceTree = "<group>"; };
		556EB0CE1A1B598F006D5E0F /* productController.m */ = {isa = PBXFileReference; fileEncoding = 4; lastKnownFileType = sourcecode.c.objc; path = productController.m; sourceTree = "<group>"; };
		556EB0D21A1B598F006D5E0F /* productDetailsView.h */ = {isa = PBXFileReference; fileEncoding = 4; lastKnownFileType = sourcecode.c.h; path = productDetailsView.h; sourceTree = "<group>"; };
		556EB0D31A1B598F006D5E0F /* productDetailsView.m */ = {isa = PBXFileReference; fileEncoding = 4; lastKnownFileType = sourcecode.c.objc; path = productDetailsView.m; sourceTree = "<group>"; };
		556EB0D71A1B598F006D5E0F /* nav_code@2x.png */ = {isa = PBXFileReference; lastKnownFileType = image.png; path = "nav_code@2x.png"; sourceTree = "<group>"; };
		556EB0D81A1B598F006D5E0F /* nav_logo@2x.png */ = {isa = PBXFileReference; lastKnownFileType = image.png; path = "nav_logo@2x.png"; sourceTree = "<group>"; };
		556EB0D91A1B598F006D5E0F /* nav_return@2x.png */ = {isa = PBXFileReference; lastKnownFileType = image.png; path = "nav_return@2x.png"; sourceTree = "<group>"; };
		556EB0DA1A1B598F006D5E0F /* nav_searchhome@2x.png */ = {isa = PBXFileReference; lastKnownFileType = image.png; path = "nav_searchhome@2x.png"; sourceTree = "<group>"; };
		556EB0DD1A1B598F006D5E0F /* squareController.h */ = {isa = PBXFileReference; fileEncoding = 4; lastKnownFileType = sourcecode.c.h; path = squareController.h; sourceTree = "<group>"; };
		556EB0DE1A1B598F006D5E0F /* squareController.m */ = {isa = PBXFileReference; fileEncoding = 4; lastKnownFileType = sourcecode.c.objc; path = squareController.m; sourceTree = "<group>"; };
		556EB0FB1A1B748B006D5E0F /* YYSearchButton.h */ = {isa = PBXFileReference; fileEncoding = 4; lastKnownFileType = sourcecode.c.h; path = YYSearchButton.h; sourceTree = "<group>"; };
		556EB0FC1A1B748B006D5E0F /* YYSearchButton.m */ = {isa = PBXFileReference; fileEncoding = 4; lastKnownFileType = sourcecode.c.objc; path = YYSearchButton.m; sourceTree = "<group>"; };
		556EB0FE1A1B7803006D5E0F /* YYalertView.h */ = {isa = PBXFileReference; fileEncoding = 4; lastKnownFileType = sourcecode.c.h; path = YYalertView.h; sourceTree = "<group>"; };
		556EB0FF1A1B7803006D5E0F /* YYalertView.m */ = {isa = PBXFileReference; fileEncoding = 4; lastKnownFileType = sourcecode.c.objc; path = YYalertView.m; sourceTree = "<group>"; };
		55BA01091A1D6FAA00D19D4E /* companyJobCell.h */ = {isa = PBXFileReference; fileEncoding = 4; lastKnownFileType = sourcecode.c.h; path = companyJobCell.h; sourceTree = "<group>"; };
		55BA010A1A1D6FAA00D19D4E /* companyJobCell.m */ = {isa = PBXFileReference; fileEncoding = 4; lastKnownFileType = sourcecode.c.objc; path = companyJobCell.m; sourceTree = "<group>"; };
		55BA010F1A1D6FF800D19D4E /* jobDetailsView.h */ = {isa = PBXFileReference; fileEncoding = 4; lastKnownFileType = sourcecode.c.h; path = jobDetailsView.h; sourceTree = "<group>"; };
		55BA01101A1D6FF800D19D4E /* jobDetailsView.m */ = {isa = PBXFileReference; fileEncoding = 4; lastKnownFileType = sourcecode.c.objc; path = jobDetailsView.m; sourceTree = "<group>"; };
		55BA01121A1D752400D19D4E /* finish@2x.png */ = {isa = PBXFileReference; lastKnownFileType = image.png; path = "finish@2x.png"; sourceTree = "<group>"; };
		55BA01131A1D752400D19D4E /* finish1@2x.png */ = {isa = PBXFileReference; lastKnownFileType = image.png; path = "finish1@2x.png"; sourceTree = "<group>"; };
		55C76F0B1A1C44470074640C /* markertWriteSucess.h */ = {isa = PBXFileReference; fileEncoding = 4; lastKnownFileType = sourcecode.c.h; path = markertWriteSucess.h; sourceTree = "<group>"; };
		55C76F0C1A1C44470074640C /* markertWriteSucess.m */ = {isa = PBXFileReference; fileEncoding = 4; lastKnownFileType = sourcecode.c.objc; path = markertWriteSucess.m; sourceTree = "<group>"; };
		55C76F7A1A1C78490074640C /* RemindView.h */ = {isa = PBXFileReference; fileEncoding = 4; lastKnownFileType = sourcecode.c.h; path = RemindView.h; sourceTree = "<group>"; };
		55C76F7B1A1C78490074640C /* RemindView.m */ = {isa = PBXFileReference; fileEncoding = 4; lastKnownFileType = sourcecode.c.objc; path = RemindView.m; sourceTree = "<group>"; };
		55C76F7D1A1C78750074640C /* AdaptationSize.h */ = {isa = PBXFileReference; fileEncoding = 4; lastKnownFileType = sourcecode.c.h; path = AdaptationSize.h; sourceTree = "<group>"; };
		55C76F7E1A1C78750074640C /* AdaptationSize.m */ = {isa = PBXFileReference; fileEncoding = 4; lastKnownFileType = sourcecode.c.objc; path = AdaptationSize.m; sourceTree = "<group>"; };
		55C76F801A1C7E370074640C /* companyProfilesView.h */ = {isa = PBXFileReference; fileEncoding = 4; lastKnownFileType = sourcecode.c.h; path = companyProfilesView.h; sourceTree = "<group>"; };
		55C76F811A1C7E370074640C /* companyProfilesView.m */ = {isa = PBXFileReference; fileEncoding = 4; lastKnownFileType = sourcecode.c.objc; path = companyProfilesView.m; sourceTree = "<group>"; };
		55C76F8B1A1C87A90074640C /* SearchViewController.h */ = {isa = PBXFileReference; fileEncoding = 4; lastKnownFileType = sourcecode.c.h; path = SearchViewController.h; sourceTree = "<group>"; };
		55C76F8C1A1C87A90074640C /* SearchViewController.m */ = {isa = PBXFileReference; fileEncoding = 4; lastKnownFileType = sourcecode.c.objc; path = SearchViewController.m; sourceTree = "<group>"; };
		55C76F8E1A1C8C5A0074640C /* l.png */ = {isa = PBXFileReference; lastKnownFileType = image.png; path = l.png; sourceTree = "<group>"; };
		55C76F8F1A1C8C5A0074640C /* SHSJT_up@2x.png */ = {isa = PBXFileReference; lastKnownFileType = image.png; path = "SHSJT_up@2x.png"; sourceTree = "<group>"; };
/* End PBXFileReference section */

/* Begin PBXFrameworksBuildPhase section */
		04B68CA51A1B5851002A35AF /* Frameworks */ = {
			isa = PBXFrameworksBuildPhase;
			buildActionMask = 2147483647;
			files = (
				04AAECDB1A1ED32F00B5254B /* libsqlite3.dylib in Frameworks */,
				04AAED101A1EE0E300B5254B /* ShareSDKFlatShareViewUI.framework in Frameworks */,
				04AAED091A1EE0E300B5254B /* TencentOpenAPI.framework in Frameworks */,
				04AAED021A1EE0E300B5254B /* SinaWeiboConnection.framework in Frameworks */,
				04AAECD91A1ED31600B5254B /* MessageUI.framework in Frameworks */,
				04AAED111A1EE0E300B5254B /* ShareSDKShareActionSheet.framework in Frameworks */,
				04AAED011A1EE0E300B5254B /* QZoneConnection.framework in Frameworks */,
				04AAECD71A1ED2F400B5254B /* libstdc++.dylib in Frameworks */,
				04AAED0B1A1EE0E300B5254B /* libSinaWeiboSDK.a in Frameworks */,
				04AAED041A1EE0E300B5254B /* WeChatConnection.framework in Frameworks */,
				04AAECD51A1ED2E700B5254B /* Security.framework in Frameworks */,
				04AAED0E1A1EE0E300B5254B /* ShareSDK.framework in Frameworks */,
				04AAECD31A1ED2DD00B5254B /* libz.1.2.5.dylib in Frameworks */,
				04AAECFF1A1EE0E300B5254B /* MailConnection.framework in Frameworks */,
				04AAED081A1EE0E300B5254B /* ShareSDKCoreService.framework in Frameworks */,
				04AAECD11A1ED2D400B5254B /* libicucore.dylib in Frameworks */,
				04AAED001A1EE0E300B5254B /* QQConnection.framework in Frameworks */,
				04AAED0D1A1EE0E300B5254B /* libWeChatSDK.a in Frameworks */,
				04AAED031A1EE0E300B5254B /* SMSConnection.framework in Frameworks */,
				04AAECCF1A1ED2C100B5254B /* CoreTelephony.framework in Frameworks */,
				04AAECCD1A1ED2B700B5254B /* QuartzCore.framework in Frameworks */,
				04AAECCB1A1ED2A400B5254B /* SystemConfiguration.framework in Frameworks */,
				04AAED051A1EE0E300B5254B /* AGCommon.framework in Frameworks */,
			);
			runOnlyForDeploymentPostprocessing = 0;
		};
		04B68CBE1A1B5852002A35AF /* Frameworks */ = {
			isa = PBXFrameworksBuildPhase;
			buildActionMask = 2147483647;
			files = (
			);
			runOnlyForDeploymentPostprocessing = 0;
		};
/* End PBXFrameworksBuildPhase section */

/* Begin PBXGroup section */
		04AAEC0B1A1EC9E200B5254B /* images */ = {
			isa = PBXGroup;
			children = (
				04AAEC0C1A1EC9F200B5254B /* Default-568h@2x.png */,
				04AAEC0D1A1EC9F200B5254B /* finish_pre@2x.png */,
				04AAEC0E1A1EC9F200B5254B /* finish@2x.png */,
				04AAEC0F1A1EC9F200B5254B /* off@2x.png */,
				04AAEC101A1EC9F200B5254B /* on@2x.png */,
			);
			name = images;
			sourceTree = "<group>";
		};
		04AAEC161A1ECCBF00B5254B /* Me */ = {
			isa = PBXGroup;
			children = (
				04AAEC331A1ECD3000B5254B /* PersonCenterController.h */,
				04AAEC341A1ECD3000B5254B /* PersonCenterController.m */,
				04AAEC1A1A1ECD0F00B5254B /* SubController */,
				04AAEC191A1ECD0500B5254B /* Cell */,
				04AAEC181A1ECCFA00B5254B /* Model */,
				04AAEC171A1ECCF000B5254B /* View */,
			);
			name = Me;
			sourceTree = "<group>";
		};
		04AAEC171A1ECCF000B5254B /* View */ = {
			isa = PBXGroup;
			children = (
				04AAEC361A1ECD4C00B5254B /* DemandView.h */,
				04AAEC371A1ECD4C00B5254B /* DemandView.m */,
				04AAEC381A1ECD4C00B5254B /* DemandListView.h */,
				04AAEC391A1ECD4C00B5254B /* DemandListView.m */,
				04AAEC3A1A1ECD4C00B5254B /* ResetView.h */,
				04AAEC3B1A1ECD4C00B5254B /* ResetView.m */,
			);
			name = View;
			sourceTree = "<group>";
		};
		04AAEC181A1ECCFA00B5254B /* Model */ = {
			isa = PBXGroup;
			children = (
				04AAEC3F1A1ECD5600B5254B /* SystemMsgItem.h */,
				04AAEC401A1ECD5600B5254B /* SystemMsgItem.m */,
				04AAEC411A1ECD5600B5254B /* SubscripMsgItem.h */,
				04AAEC421A1ECD5600B5254B /* SubscripMsgItem.m */,
				04AAEC431A1ECD5600B5254B /* CommentItem.h */,
				04AAEC441A1ECD5600B5254B /* CommentItem.m */,
				04AAEC451A1ECD5600B5254B /* FavoriteItem.h */,
				04AAEC461A1ECD5600B5254B /* FavoriteItem.m */,
				04AAEC471A1ECD5600B5254B /* DemandItem.h */,
				04AAEC481A1ECD5600B5254B /* DemandItem.m */,
			);
			name = Model;
			sourceTree = "<group>";
		};
		04AAEC191A1ECD0500B5254B /* Cell */ = {
			isa = PBXGroup;
			children = (
				04AAEC4E1A1ECD6400B5254B /* SystemMsgCell.h */,
				04AAEC4F1A1ECD6400B5254B /* SystemMsgCell.m */,
				04AAEC501A1ECD6400B5254B /* SubscripMsgCell.h */,
				04AAEC511A1ECD6400B5254B /* SubscripMsgCell.m */,
				04AAEC521A1ECD6400B5254B /* CommentCell.h */,
				04AAEC531A1ECD6400B5254B /* CommentCell.m */,
				04AAEC541A1ECD6400B5254B /* FavoriteCell.h */,
				04AAEC551A1ECD6400B5254B /* FavoriteCell.m */,
				04AAEC561A1ECD6400B5254B /* SelectCell.h */,
				04AAEC571A1ECD6400B5254B /* SelectCell.m */,
				04AAEC581A1ECD6400B5254B /* DemandCell.h */,
				04AAEC591A1ECD6400B5254B /* DemandCell.m */,
			);
			name = Cell;
			sourceTree = "<group>";
		};
		04AAEC1A1A1ECD0F00B5254B /* SubController */ = {
			isa = PBXGroup;
			children = (
				04AAEC1B1A1ECD2800B5254B /* MyMsgController.h */,
				04AAEC1C1A1ECD2800B5254B /* MyMsgController.m */,
				04AAEC1D1A1ECD2800B5254B /* MyCommentController.h */,
				04AAEC1E1A1ECD2800B5254B /* MyCommentController.m */,
				04AAEC1F1A1ECD2800B5254B /* MyFavoriteController.h */,
				04AAEC201A1ECD2800B5254B /* MyFavoriteController.m */,
				04AAEC211A1ECD2800B5254B /* MyDemandController.h */,
				04AAEC221A1ECD2800B5254B /* MyDemandController.m */,
				04AAEC251A1ECD2800B5254B /* LoginController.h */,
				04AAEC261A1ECD2800B5254B /* LoginController.m */,
				04AAEC271A1ECD2800B5254B /* RegisterController.h */,
				04AAEC281A1ECD2800B5254B /* RegisterController.m */,
				04AAEC291A1ECD2800B5254B /* NextRegisterController.h */,
				04AAEC2A1A1ECD2800B5254B /* NextRegisterController.m */,
			);
			name = SubController;
			sourceTree = "<group>";
		};
		04AAEC691A1ECFA700B5254B /* Share */ = {
			isa = PBXGroup;
			children = (
				04AAEC6D1A1ECFD300B5254B /* GlobalInstance.h */,
				04AAEC6E1A1ECFD300B5254B /* GlobalInstance.m */,
			);
			name = Share;
			sourceTree = "<group>";
		};
		04AAECAE1A1ED07D00B5254B /* View */ = {
			isa = PBXGroup;
			children = (
				04AAECAF1A1ED08D00B5254B /* SquareHeadView.h */,
				04AAECB01A1ED08D00B5254B /* SquareHeadView.m */,
				04AAECB11A1ED08D00B5254B /* TJImageView.h */,
				04AAECB21A1ED08D00B5254B /* TJImageView.m */,
			);
			name = View;
			sourceTree = "<group>";
		};
		04AAECB51A1ED09300B5254B /* Cell */ = {
			isa = PBXGroup;
			children = (
				04AAECB61A1ED09F00B5254B /* SquareCell.h */,
				04AAECB71A1ED09F00B5254B /* SquareCell.m */,
			);
			name = Cell;
			sourceTree = "<group>";
		};
		04AAECB91A1ED10C00B5254B /* View */ = {
			isa = PBXGroup;
			children = (
				04AAECBC1A1ED11800B5254B /* MoreListView.h */,
				04AAECBD1A1ED11800B5254B /* MoreListView.m */,
			);
			name = View;
			sourceTree = "<group>";
		};
		04AAECC61A1ED1E400B5254B /* View */ = {
			isa = PBXGroup;
			children = (
				04AAECC71A1ED1EF00B5254B /* ListView.h */,
				04AAECC81A1ED1EF00B5254B /* ListView.m */,
			);
			name = View;
			sourceTree = "<group>";
		};
		04AAECDC1A1ED8AD00B5254B /* framework */ = {
			isa = PBXGroup;
			children = (
				04AAECDA1A1ED32F00B5254B /* libsqlite3.dylib */,
				04AAECD81A1ED31600B5254B /* MessageUI.framework */,
				04AAECD61A1ED2F400B5254B /* libstdc++.dylib */,
				04AAECD41A1ED2E700B5254B /* Security.framework */,
				04AAECD21A1ED2DD00B5254B /* libz.1.2.5.dylib */,
				04AAECD01A1ED2D400B5254B /* libicucore.dylib */,
				04AAECCE1A1ED2C100B5254B /* CoreTelephony.framework */,
				04AAECCC1A1ED2B700B5254B /* QuartzCore.framework */,
				04AAECCA1A1ED2A400B5254B /* SystemConfiguration.framework */,
			);
			name = framework;
			sourceTree = "<group>";
		};
		04AAECDD1A1EE0E300B5254B /* ShareSDK */ = {
			isa = PBXGroup;
			children = (
				04AAECDE1A1EE0E300B5254B /* Connection */,
				04AAECE51A1EE0E300B5254B /* Core */,
				04AAECEC1A1EE0E300B5254B /* Extend */,
				04AAECFA1A1EE0E300B5254B /* ShareSDK.framework */,
				04AAECFB1A1EE0E300B5254B /* UI */,
			);
			path = ShareSDK;
			sourceTree = "<group>";
		};
		04AAECDE1A1EE0E300B5254B /* Connection */ = {
			isa = PBXGroup;
			children = (
				04AAECDF1A1EE0E300B5254B /* MailConnection.framework */,
				04AAECE01A1EE0E300B5254B /* QQConnection.framework */,
				04AAECE11A1EE0E300B5254B /* QZoneConnection.framework */,
				04AAECE21A1EE0E300B5254B /* SinaWeiboConnection.framework */,
				04AAECE31A1EE0E300B5254B /* SMSConnection.framework */,
				04AAECE41A1EE0E300B5254B /* WeChatConnection.framework */,
			);
			path = Connection;
			sourceTree = "<group>";
		};
		04AAECE51A1EE0E300B5254B /* Core */ = {
			isa = PBXGroup;
			children = (
				04AAECE61A1EE0E300B5254B /* AGCommon.framework */,
				04AAECE71A1EE0E300B5254B /* ShareSDKLocalizable.strings */,
				04AAECE91A1EE0E300B5254B /* Resource.bundle */,
				04AAECEA1A1EE0E300B5254B /* ShareSDKCoreService.framework */,
			);
			path = Core;
			sourceTree = "<group>";
		};
		04AAECEC1A1EE0E300B5254B /* Extend */ = {
			isa = PBXGroup;
			children = (
				04AAECED1A1EE0E300B5254B /* QQConnectSDK */,
				04AAECF01A1EE0E300B5254B /* RenRenSDK */,
				04AAECF11A1EE0E300B5254B /* SinaWeiboSDK */,
				04AAECF51A1EE0E300B5254B /* TencentWeiboSDK */,
				04AAECF61A1EE0E300B5254B /* WeChatSDK */,
			);
			path = Extend;
			sourceTree = "<group>";
		};
		04AAECED1A1EE0E300B5254B /* QQConnectSDK */ = {
			isa = PBXGroup;
			children = (
				04AAECEE1A1EE0E300B5254B /* TencentOpenAPI.framework */,
				04AAECEF1A1EE0E300B5254B /* TencentOpenApi_IOS_Bundle.bundle */,
			);
			path = QQConnectSDK;
			sourceTree = "<group>";
		};
		04AAECF01A1EE0E300B5254B /* RenRenSDK */ = {
			isa = PBXGroup;
			children = (
			);
			path = RenRenSDK;
			sourceTree = "<group>";
		};
		04AAECF11A1EE0E300B5254B /* SinaWeiboSDK */ = {
			isa = PBXGroup;
			children = (
				04AAECF21A1EE0E300B5254B /* libSinaWeiboSDK.a */,
				04AAECF31A1EE0E300B5254B /* WeiboSDK.bundle */,
				04AAECF41A1EE0E300B5254B /* WeiboSDK.h */,
			);
			path = SinaWeiboSDK;
			sourceTree = "<group>";
		};
		04AAECF51A1EE0E300B5254B /* TencentWeiboSDK */ = {
			isa = PBXGroup;
			children = (
			);
			path = TencentWeiboSDK;
			sourceTree = "<group>";
		};
		04AAECF61A1EE0E300B5254B /* WeChatSDK */ = {
			isa = PBXGroup;
			children = (
				04AAECF71A1EE0E300B5254B /* libWeChatSDK.a */,
				04AAECF81A1EE0E300B5254B /* WXApi.h */,
				04AAECF91A1EE0E300B5254B /* WXApiObject.h */,
			);
			path = WeChatSDK;
			sourceTree = "<group>";
		};
		04AAECFB1A1EE0E300B5254B /* UI */ = {
			isa = PBXGroup;
			children = (
				04AAECFC1A1EE0E300B5254B /* ShareSDKFlatShareViewUI.bundle */,
				04AAECFD1A1EE0E300B5254B /* ShareSDKFlatShareViewUI.framework */,
				04AAECFE1A1EE0E300B5254B /* ShareSDKShareActionSheet.framework */,
			);
			path = UI;
			sourceTree = "<group>";
		};
		04B68C9F1A1B5851002A35AF = {
			isa = PBXGroup;
			children = (
				04AAECDC1A1ED8AD00B5254B /* framework */,
				04B68CAA1A1B5851002A35AF /* XinNet */,
				04B68CC41A1B5852002A35AF /* XinNetTests */,
				04B68CA91A1B5851002A35AF /* Products */,
			);
			sourceTree = "<group>";
		};
		04B68CA91A1B5851002A35AF /* Products */ = {
			isa = PBXGroup;
			children = (
				04B68CA81A1B5851002A35AF /* XinNet.app */,
				04B68CC11A1B5852002A35AF /* XinNetTests.xctest */,
			);
			name = Products;
			sourceTree = "<group>";
		};
		04B68CAA1A1B5851002A35AF /* XinNet */ = {
			isa = PBXGroup;
			children = (
				556EB07D1A1B598F006D5E0F /* class */,
				04B68CAB1A1B5851002A35AF /* Supporting Files */,
			);
			path = XinNet;
			sourceTree = "<group>";
		};
		04B68CAB1A1B5851002A35AF /* Supporting Files */ = {
			isa = PBXGroup;
			children = (
				04AAEC0B1A1EC9E200B5254B /* images */,
				04B68CB51A1B5852002A35AF /* Main.storyboard */,
				04B68CB81A1B5852002A35AF /* Images.xcassets */,
				04B68CBA1A1B5852002A35AF /* LaunchScreen.xib */,
				04B68CAC1A1B5851002A35AF /* Info.plist */,
				04B68CAD1A1B5851002A35AF /* main.m */,
				04B68CD11A1B587D002A35AF /* XinNet-Prefix.pch */,
			);
			name = "Supporting Files";
			sourceTree = "<group>";
		};
		04B68CC41A1B5852002A35AF /* XinNetTests */ = {
			isa = PBXGroup;
			children = (
				04B68CC71A1B5852002A35AF /* XinNetTests.m */,
				04B68CC51A1B5852002A35AF /* Supporting Files */,
			);
			path = XinNetTests;
			sourceTree = "<group>";
		};
		04B68CC51A1B5852002A35AF /* Supporting Files */ = {
			isa = PBXGroup;
			children = (
				04B68CC61A1B5852002A35AF /* Info.plist */,
			);
			name = "Supporting Files";
			sourceTree = "<group>";
		};
		556EB07D1A1B598F006D5E0F /* class */ = {
			isa = PBXGroup;
			children = (
				04AAEC161A1ECCBF00B5254B /* Me */,
				55C76F861A1C87660074640C /* search */,
				556EB07E1A1B598F006D5E0F /*  market */,
				556EB0891A1B598F006D5E0F /* about */,
				556EB0901A1B598F006D5E0F /* business */,
				556EB0991A1B598F006D5E0F /* companyJob */,
				556EB0A01A1B598F006D5E0F /* companyYellow */,
				556EB0AB1A1B598F006D5E0F /* home */,
				556EB0B21A1B598F006D5E0F /* interface */,
				556EB0BB1A1B598F006D5E0F /* more */,
				556EB0C21A1B598F006D5E0F /* Others */,
				556EB0CB1A1B598F006D5E0F /* product */,
				556EB0D41A1B598F006D5E0F /* Resouse */,
				556EB0DB1A1B598F006D5E0F /* square */,
			);
			path = class;
			sourceTree = "<group>";
		};
		556EB07E1A1B598F006D5E0F /*  market */ = {
			isa = PBXGroup;
			children = (
				556EB07F1A1B598F006D5E0F /* controll */,
				556EB0821A1B598F006D5E0F /* Model */,
				556EB0831A1B598F006D5E0F /* Tool */,
				556EB0841A1B598F006D5E0F /* subController */,
			);
			path = " market";
			sourceTree = "<group>";
		};
		556EB07F1A1B598F006D5E0F /* controll */ = {
			isa = PBXGroup;
			children = (
				556EB0801A1B598F006D5E0F /* marketController.h */,
				556EB0811A1B598F006D5E0F /* marketController.m */,
			);
			path = controll;
			sourceTree = "<group>";
		};
		556EB0821A1B598F006D5E0F /* Model */ = {
			isa = PBXGroup;
			children = (
			);
			path = Model;
			sourceTree = "<group>";
		};
		556EB0831A1B598F006D5E0F /* Tool */ = {
			isa = PBXGroup;
			children = (
			);
			path = Tool;
			sourceTree = "<group>";
		};
		556EB0841A1B598F006D5E0F /* subController */ = {
			isa = PBXGroup;
			children = (
				556EB0851A1B598F006D5E0F /* markertDetailsView.h */,
				556EB0861A1B598F006D5E0F /* markertDetailsView.m */,
				55C76F0B1A1C44470074640C /* markertWriteSucess.h */,
				55C76F0C1A1C44470074640C /* markertWriteSucess.m */,
				556EB0FB1A1B748B006D5E0F /* YYSearchButton.h */,
				556EB0FC1A1B748B006D5E0F /* YYSearchButton.m */,
				556EB0871A1B598F006D5E0F /* marketCell.h */,
				556EB0881A1B598F006D5E0F /* marketCell.m */,
				556EB0FE1A1B7803006D5E0F /* YYalertView.h */,
				556EB0FF1A1B7803006D5E0F /* YYalertView.m */,
			);
			name = subController;
			path = views;
			sourceTree = "<group>";
		};
		556EB0891A1B598F006D5E0F /* about */ = {
			isa = PBXGroup;
			children = (
				556EB08A1A1B598F006D5E0F /* controll */,
				556EB08D1A1B598F006D5E0F /* Model */,
				556EB08E1A1B598F006D5E0F /* Tool */,
				556EB08F1A1B598F006D5E0F /* subController */,
			);
			path = about;
			sourceTree = "<group>";
		};
		556EB08A1A1B598F006D5E0F /* controll */ = {
			isa = PBXGroup;
			children = (
				04AAEC661A1ECF6F00B5254B /* aboutController.h */,
				04AAEC671A1ECF6F00B5254B /* aboutController.m */,
			);
			path = controll;
			sourceTree = "<group>";
		};
		556EB08D1A1B598F006D5E0F /* Model */ = {
			isa = PBXGroup;
			children = (
			);
			path = Model;
			sourceTree = "<group>";
		};
		556EB08E1A1B598F006D5E0F /* Tool */ = {
			isa = PBXGroup;
			children = (
			);
			path = Tool;
			sourceTree = "<group>";
		};
		556EB08F1A1B598F006D5E0F /* subController */ = {
			isa = PBXGroup;
			children = (
			);
			name = subController;
			path = views;
			sourceTree = "<group>";
		};
		556EB0901A1B598F006D5E0F /* business */ = {
			isa = PBXGroup;
			children = (
				556EB0911A1B598F006D5E0F /* controll */,
				556EB0941A1B598F006D5E0F /* Model */,
				556EB0951A1B598F006D5E0F /* Tool */,
				556EB0961A1B598F006D5E0F /* subController */,
			);
			path = business;
			sourceTree = "<group>";
		};
		556EB0911A1B598F006D5E0F /* controll */ = {
			isa = PBXGroup;
			children = (
				556EB0921A1B598F006D5E0F /* businessController.h */,
				556EB0931A1B598F006D5E0F /* businessController.m */,
			);
			path = controll;
			sourceTree = "<group>";
		};
		556EB0941A1B598F006D5E0F /* Model */ = {
			isa = PBXGroup;
			children = (
			);
			path = Model;
			sourceTree = "<group>";
		};
		556EB0951A1B598F006D5E0F /* Tool */ = {
			isa = PBXGroup;
			children = (
			);
			path = Tool;
			sourceTree = "<group>";
		};
		556EB0961A1B598F006D5E0F /* subController */ = {
			isa = PBXGroup;
			children = (
				556EB0971A1B598F006D5E0F /* businessDetailsView.h */,
				556EB0981A1B598F006D5E0F /* businessDetailsView.m */,
			);
			name = subController;
			path = views;
			sourceTree = "<group>";
		};
		556EB0991A1B598F006D5E0F /* companyJob */ = {
			isa = PBXGroup;
			children = (
				556EB09A1A1B598F006D5E0F /* controll */,
				556EB09D1A1B598F006D5E0F /* Model */,
				556EB09E1A1B598F006D5E0F /* Tool */,
				556EB09F1A1B598F006D5E0F /* views */,
			);
			path = companyJob;
			sourceTree = "<group>";
		};
		556EB09A1A1B598F006D5E0F /* controll */ = {
			isa = PBXGroup;
			children = (
				556EB09B1A1B598F006D5E0F /* companyJOBController.h */,
				556EB09C1A1B598F006D5E0F /* companyJOBController.m */,
			);
			path = controll;
			sourceTree = "<group>";
		};
		556EB09D1A1B598F006D5E0F /* Model */ = {
			isa = PBXGroup;
			children = (
			);
			path = Model;
			sourceTree = "<group>";
		};
		556EB09E1A1B598F006D5E0F /* Tool */ = {
			isa = PBXGroup;
			children = (
			);
			path = Tool;
			sourceTree = "<group>";
		};
		556EB09F1A1B598F006D5E0F /* views */ = {
			isa = PBXGroup;
			children = (
				55BA01091A1D6FAA00D19D4E /* companyJobCell.h */,
				55BA010A1A1D6FAA00D19D4E /* companyJobCell.m */,
				55BA010F1A1D6FF800D19D4E /* jobDetailsView.h */,
				55BA01101A1D6FF800D19D4E /* jobDetailsView.m */,
			);
			path = views;
			sourceTree = "<group>";
		};
		556EB0A01A1B598F006D5E0F /* companyYellow */ = {
			isa = PBXGroup;
			children = (
				556EB0A11A1B598F006D5E0F /* controll */,
				556EB0A41A1B598F006D5E0F /* Model */,
				556EB0A51A1B598F006D5E0F /* Tool */,
				556EB0A61A1B598F006D5E0F /* views */,
			);
			path = companyYellow;
			sourceTree = "<group>";
		};
		556EB0A11A1B598F006D5E0F /* controll */ = {
			isa = PBXGroup;
			children = (
				556EB0A21A1B598F006D5E0F /* companyYellowController.h */,
				556EB0A31A1B598F006D5E0F /* companyYellowController.m */,
			);
			path = controll;
			sourceTree = "<group>";
		};
		556EB0A41A1B598F006D5E0F /* Model */ = {
			isa = PBXGroup;
			children = (
			);
			path = Model;
			sourceTree = "<group>";
		};
		556EB0A51A1B598F006D5E0F /* Tool */ = {
			isa = PBXGroup;
			children = (
			);
			path = Tool;
			sourceTree = "<group>";
		};
		556EB0A61A1B598F006D5E0F /* views */ = {
			isa = PBXGroup;
			children = (
				556EB0A71A1B598F006D5E0F /* companyDetailsView.h */,
				556EB0A81A1B598F006D5E0F /* companyDetailsView.m */,
				556EB0A91A1B598F006D5E0F /* companyYellowCell.h */,
				556EB0AA1A1B598F006D5E0F /* companyYellowCell.m */,
				55C76F801A1C7E370074640C /* companyProfilesView.h */,
				55C76F811A1C7E370074640C /* companyProfilesView.m */,
				55C76F7A1A1C78490074640C /* RemindView.h */,
				55C76F7B1A1C78490074640C /* RemindView.m */,
				55C76F7D1A1C78750074640C /* AdaptationSize.h */,
				55C76F7E1A1C78750074640C /* AdaptationSize.m */,
			);
			path = views;
			sourceTree = "<group>";
		};
		556EB0AB1A1B598F006D5E0F /* home */ = {
			isa = PBXGroup;
			children = (
				556EB0AC1A1B598F006D5E0F /* controll */,
				556EB0AF1A1B598F006D5E0F /* Model */,
				556EB0B01A1B598F006D5E0F /* Tool */,
				556EB0B11A1B598F006D5E0F /* views */,
			);
			path = home;
			sourceTree = "<group>";
		};
		556EB0AC1A1B598F006D5E0F /* controll */ = {
			isa = PBXGroup;
			children = (
				556EB0AD1A1B598F006D5E0F /* MainController.h */,
				556EB0AE1A1B598F006D5E0F /* MainController.m */,
			);
			path = controll;
			sourceTree = "<group>";
		};
		556EB0AF1A1B598F006D5E0F /* Model */ = {
			isa = PBXGroup;
			children = (
			);
			path = Model;
			sourceTree = "<group>";
		};
		556EB0B01A1B598F006D5E0F /* Tool */ = {
			isa = PBXGroup;
			children = (
			);
			path = Tool;
			sourceTree = "<group>";
		};
		556EB0B11A1B598F006D5E0F /* views */ = {
			isa = PBXGroup;
			children = (
			);
			path = views;
			sourceTree = "<group>";
		};
		556EB0B21A1B598F006D5E0F /* interface */ = {
			isa = PBXGroup;
			children = (
				556EB0B31A1B598F006D5E0F /* controll */,
				556EB0B61A1B598F006D5E0F /* Model */,
				556EB0B71A1B598F006D5E0F /* Tool */,
				556EB0B81A1B598F006D5E0F /* views */,
			);
			path = interface;
			sourceTree = "<group>";
		};
		556EB0B31A1B598F006D5E0F /* controll */ = {
			isa = PBXGroup;
			children = (
				556EB0B41A1B598F006D5E0F /* interfaceController.h */,
				556EB0B51A1B598F006D5E0F /* interfaceController.m */,
			);
			path = controll;
			sourceTree = "<group>";
		};
		556EB0B61A1B598F006D5E0F /* Model */ = {
			isa = PBXGroup;
			children = (
			);
			path = Model;
			sourceTree = "<group>";
		};
		556EB0B71A1B598F006D5E0F /* Tool */ = {
			isa = PBXGroup;
			children = (
			);
			path = Tool;
			sourceTree = "<group>";
		};
		556EB0B81A1B598F006D5E0F /* views */ = {
			isa = PBXGroup;
			children = (
				556EB0B91A1B598F006D5E0F /* interfaceDetailsView.h */,
				556EB0BA1A1B598F006D5E0F /* interfaceDetailsView.m */,
			);
			path = views;
			sourceTree = "<group>";
		};
		556EB0BB1A1B598F006D5E0F /* more */ = {
			isa = PBXGroup;
			children = (
				04AAECB91A1ED10C00B5254B /* View */,
				556EB0BC1A1B598F006D5E0F /* controll */,
				556EB0BF1A1B598F006D5E0F /* Model */,
				556EB0C01A1B598F006D5E0F /* Tool */,
				556EB0C11A1B598F006D5E0F /* subController */,
			);
			path = more;
			sourceTree = "<group>";
		};
		556EB0BC1A1B598F006D5E0F /* controll */ = {
			isa = PBXGroup;
			children = (
				556EB0BD1A1B598F006D5E0F /* moreController.h */,
				556EB0BE1A1B598F006D5E0F /* moreController.m */,
			);
			path = controll;
			sourceTree = "<group>";
		};
		556EB0BF1A1B598F006D5E0F /* Model */ = {
			isa = PBXGroup;
			children = (
			);
			path = Model;
			sourceTree = "<group>";
		};
		556EB0C01A1B598F006D5E0F /* Tool */ = {
			isa = PBXGroup;
			children = (
			);
			path = Tool;
			sourceTree = "<group>";
		};
		556EB0C11A1B598F006D5E0F /* subController */ = {
			isa = PBXGroup;
			children = (
				04AAECC01A1ED14700B5254B /* SettingController.h */,
				04AAECC11A1ED14700B5254B /* SettingController.m */,
				04AAECC21A1ED14700B5254B /* AdviceController.h */,
				04AAECC31A1ED14700B5254B /* AdviceController.m */,
			);
			name = subController;
			path = views;
			sourceTree = "<group>";
		};
		556EB0C21A1B598F006D5E0F /* Others */ = {
			isa = PBXGroup;
			children = (
				04AAECDD1A1EE0E300B5254B /* ShareSDK */,
				04AAEC691A1ECFA700B5254B /* Share */,
				556EB0C31A1B598F006D5E0F /* app */,
			);
			path = Others;
			sourceTree = "<group>";
		};
		556EB0C31A1B598F006D5E0F /* app */ = {
			isa = PBXGroup;
			children = (
				556EB0C61A1B598F006D5E0F /* AppMacro.h */,
				04B68CAF1A1B5851002A35AF /* AppDelegate.h */,
				04B68CB01A1B5851002A35AF /* AppDelegate.m */,
				556EB0C71A1B598F006D5E0F /* UIBarButtonItem+MJ.h */,
				556EB0C81A1B598F006D5E0F /* UIBarButtonItem+MJ.m */,
				556EB0C91A1B598F006D5E0F /* WBNavigationController.h */,
				556EB0CA1A1B598F006D5E0F /* WBNavigationController.m */,
			);
			path = app;
			sourceTree = "<group>";
		};
		556EB0CB1A1B598F006D5E0F /* product */ = {
			isa = PBXGroup;
			children = (
				04AAECC61A1ED1E400B5254B /* View */,
				556EB0CC1A1B598F006D5E0F /* controll */,
				556EB0CF1A1B598F006D5E0F /* Model */,
				556EB0D01A1B598F006D5E0F /* Tool */,
				556EB0D11A1B598F006D5E0F /* subController */,
			);
			path = product;
			sourceTree = "<group>";
		};
		556EB0CC1A1B598F006D5E0F /* controll */ = {
			isa = PBXGroup;
			children = (
				556EB0CD1A1B598F006D5E0F /* productController.h */,
				556EB0CE1A1B598F006D5E0F /* productController.m */,
			);
			path = controll;
			sourceTree = "<group>";
		};
		556EB0CF1A1B598F006D5E0F /* Model */ = {
			isa = PBXGroup;
			children = (
			);
			path = Model;
			sourceTree = "<group>";
		};
		556EB0D01A1B598F006D5E0F /* Tool */ = {
			isa = PBXGroup;
			children = (
			);
			path = Tool;
			sourceTree = "<group>";
		};
		556EB0D11A1B598F006D5E0F /* subController */ = {
			isa = PBXGroup;
			children = (
				556EB0D21A1B598F006D5E0F /* productDetailsView.h */,
				556EB0D31A1B598F006D5E0F /* productDetailsView.m */,
			);
			name = subController;
			path = views;
			sourceTree = "<group>";
		};
		556EB0D41A1B598F006D5E0F /* Resouse */ = {
			isa = PBXGroup;
			children = (
				556EB0D51A1B598F006D5E0F /* images */,
			);
			path = Resouse;
			sourceTree = "<group>";
		};
		556EB0D51A1B598F006D5E0F /* images */ = {
			isa = PBXGroup;
			children = (
				55BA01121A1D752400D19D4E /* finish@2x.png */,
				55BA01131A1D752400D19D4E /* finish1@2x.png */,
				55C76F8E1A1C8C5A0074640C /* l.png */,
				55C76F8F1A1C8C5A0074640C /* SHSJT_up@2x.png */,
				556EB0D71A1B598F006D5E0F /* nav_code@2x.png */,
				556EB0D81A1B598F006D5E0F /* nav_logo@2x.png */,
				556EB0D91A1B598F006D5E0F /* nav_return@2x.png */,
				556EB0DA1A1B598F006D5E0F /* nav_searchhome@2x.png */,
			);
			path = images;
			sourceTree = "<group>";
		};
		556EB0DB1A1B598F006D5E0F /* square */ = {
			isa = PBXGroup;
			children = (
				04AAECB51A1ED09300B5254B /* Cell */,
				04AAECAE1A1ED07D00B5254B /* View */,
				556EB0DC1A1B598F006D5E0F /* controll */,
				556EB0DF1A1B598F006D5E0F /* Model */,
				556EB0E01A1B598F006D5E0F /* Tool */,
				556EB0E11A1B598F006D5E0F /* subController */,
			);
			path = square;
			sourceTree = "<group>";
		};
		556EB0DC1A1B598F006D5E0F /* controll */ = {
			isa = PBXGroup;
			children = (
				556EB0DD1A1B598F006D5E0F /* squareController.h */,
				556EB0DE1A1B598F006D5E0F /* squareController.m */,
			);
			path = controll;
			sourceTree = "<group>";
		};
		556EB0DF1A1B598F006D5E0F /* Model */ = {
			isa = PBXGroup;
			children = (
				04AAECA51A1ED06500B5254B /* SquareUserItem.h */,
				04AAECA61A1ED06500B5254B /* SquareUserItem.m */,
			);
			path = Model;
			sourceTree = "<group>";
		};
		556EB0E01A1B598F006D5E0F /* Tool */ = {
			isa = PBXGroup;
			children = (
			);
			path = Tool;
			sourceTree = "<group>";
		};
		556EB0E11A1B598F006D5E0F /* subController */ = {
			isa = PBXGroup;
			children = (
				04AAECA81A1ED07200B5254B /* PublishTopicController.h */,
				04AAECA91A1ED07200B5254B /* PublishTopicController.m */,
				04AAECAA1A1ED07200B5254B /* PersonalController.h */,
				04AAECAB1A1ED07200B5254B /* PersonalController.m */,
			);
			name = subController;
			path = views;
			sourceTree = "<group>";
		};
		55C76F861A1C87660074640C /* search */ = {
			isa = PBXGroup;
			children = (
				55C76F871A1C87660074640C /* controller */,
				55C76F881A1C87660074640C /* model */,
				55C76F891A1C87660074640C /* tool */,
				55C76F8A1A1C87660074640C /* view */,
			);
			path = search;
			sourceTree = "<group>";
		};
		55C76F871A1C87660074640C /* controller */ = {
			isa = PBXGroup;
			children = (
				55C76F8B1A1C87A90074640C /* SearchViewController.h */,
				55C76F8C1A1C87A90074640C /* SearchViewController.m */,
			);
			path = controller;
			sourceTree = "<group>";
		};
		55C76F881A1C87660074640C /* model */ = {
			isa = PBXGroup;
			children = (
			);
			path = model;
			sourceTree = "<group>";
		};
		55C76F891A1C87660074640C /* tool */ = {
			isa = PBXGroup;
			children = (
			);
			path = tool;
			sourceTree = "<group>";
		};
		55C76F8A1A1C87660074640C /* view */ = {
			isa = PBXGroup;
			children = (
			);
			path = view;
			sourceTree = "<group>";
		};
/* End PBXGroup section */

/* Begin PBXNativeTarget section */
		04B68CA71A1B5851002A35AF /* XinNet */ = {
			isa = PBXNativeTarget;
			buildConfigurationList = 04B68CCB1A1B5852002A35AF /* Build configuration list for PBXNativeTarget "XinNet" */;
			buildPhases = (
				04B68CA41A1B5851002A35AF /* Sources */,
				04B68CA51A1B5851002A35AF /* Frameworks */,
				04B68CA61A1B5851002A35AF /* Resources */,
			);
			buildRules = (
			);
			dependencies = (
			);
			name = XinNet;
			productName = XinNet;
			productReference = 04B68CA81A1B5851002A35AF /* XinNet.app */;
			productType = "com.apple.product-type.application";
		};
		04B68CC01A1B5852002A35AF /* XinNetTests */ = {
			isa = PBXNativeTarget;
			buildConfigurationList = 04B68CCE1A1B5852002A35AF /* Build configuration list for PBXNativeTarget "XinNetTests" */;
			buildPhases = (
				04B68CBD1A1B5852002A35AF /* Sources */,
				04B68CBE1A1B5852002A35AF /* Frameworks */,
				04B68CBF1A1B5852002A35AF /* Resources */,
			);
			buildRules = (
			);
			dependencies = (
				04B68CC31A1B5852002A35AF /* PBXTargetDependency */,
			);
			name = XinNetTests;
			productName = XinNetTests;
			productReference = 04B68CC11A1B5852002A35AF /* XinNetTests.xctest */;
			productType = "com.apple.product-type.bundle.unit-test";
		};
/* End PBXNativeTarget section */

/* Begin PBXProject section */
		04B68CA01A1B5851002A35AF /* Project object */ = {
			isa = PBXProject;
			attributes = {
				LastUpgradeCheck = 0600;
				ORGANIZATIONNAME = tianj;
				TargetAttributes = {
					04B68CA71A1B5851002A35AF = {
						CreatedOnToolsVersion = 6.0.1;
						DevelopmentTeam = DBA88DPK47;
					};
					04B68CC01A1B5852002A35AF = {
						CreatedOnToolsVersion = 6.0.1;
						DevelopmentTeam = DBA88DPK47;
						TestTargetID = 04B68CA71A1B5851002A35AF;
					};
				};
			};
			buildConfigurationList = 04B68CA31A1B5851002A35AF /* Build configuration list for PBXProject "XinNet" */;
			compatibilityVersion = "Xcode 3.2";
			developmentRegion = English;
			hasScannedForEncodings = 0;
			knownRegions = (
				en,
				Base,
				"zh-Hans",
			);
			mainGroup = 04B68C9F1A1B5851002A35AF;
			productRefGroup = 04B68CA91A1B5851002A35AF /* Products */;
			projectDirPath = "";
			projectRoot = "";
			targets = (
				04B68CA71A1B5851002A35AF /* XinNet */,
				04B68CC01A1B5852002A35AF /* XinNetTests */,
			);
		};
/* End PBXProject section */

/* Begin PBXResourcesBuildPhase section */
		04B68CA61A1B5851002A35AF /* Resources */ = {
			isa = PBXResourcesBuildPhase;
			buildActionMask = 2147483647;
			files = (
				04AAED061A1EE0E300B5254B /* ShareSDKLocalizable.strings in Resources */,
				55C76F911A1C8C5A0074640C /* SHSJT_up@2x.png in Resources */,
				04AAEC121A1EC9F200B5254B /* finish_pre@2x.png in Resources */,
				04B68CB71A1B5852002A35AF /* Main.storyboard in Resources */,
				04AAEC151A1EC9F200B5254B /* on@2x.png in Resources */,
				04B68CBC1A1B5852002A35AF /* LaunchScreen.xib in Resources */,
				55C76F901A1C8C5A0074640C /* l.png in Resources */,
				04AAED0C1A1EE0E300B5254B /* WeiboSDK.bundle in Resources */,
				556EB0F61A1B598F006D5E0F /* nav_code@2x.png in Resources */,
				04AAEC111A1EC9F200B5254B /* Default-568h@2x.png in Resources */,
				556EB0F81A1B598F006D5E0F /* nav_return@2x.png in Resources */,
				04AAED0A1A1EE0E300B5254B /* TencentOpenApi_IOS_Bundle.bundle in Resources */,
				556EB0F91A1B598F006D5E0F /* nav_searchhome@2x.png in Resources */,
				04AAEC141A1EC9F200B5254B /* off@2x.png in Resources */,
				04AAEC131A1EC9F200B5254B /* finish@2x.png in Resources */,
				04B68CB91A1B5852002A35AF /* Images.xcassets in Resources */,
				04AAED0F1A1EE0E300B5254B /* ShareSDKFlatShareViewUI.bundle in Resources */,
				55BA01151A1D752400D19D4E /* finish1@2x.png in Resources */,
				04AAED071A1EE0E300B5254B /* Resource.bundle in Resources */,
				55BA01141A1D752400D19D4E /* finish@2x.png in Resources */,
				556EB0F71A1B598F006D5E0F /* nav_logo@2x.png in Resources */,
			);
			runOnlyForDeploymentPostprocessing = 0;
		};
		04B68CBF1A1B5852002A35AF /* Resources */ = {
			isa = PBXResourcesBuildPhase;
			buildActionMask = 2147483647;
			files = (
			);
			runOnlyForDeploymentPostprocessing = 0;
		};
/* End PBXResourcesBuildPhase section */

/* Begin PBXSourcesBuildPhase section */
		04B68CA41A1B5851002A35AF /* Sources */ = {
			isa = PBXSourcesBuildPhase;
			buildActionMask = 2147483647;
			files = (
				04AAEC4C1A1ECD5600B5254B /* FavoriteItem.m in Sources */,
				556EB0F31A1B598F006D5E0F /* productController.m in Sources */,
				556EB0EF1A1B598F006D5E0F /* moreController.m in Sources */,
				04AAEC3E1A1ECD4C00B5254B /* ResetView.m in Sources */,
				04AAECB41A1ED08D00B5254B /* TJImageView.m in Sources */,
				556EB0ED1A1B598F006D5E0F /* interfaceController.m in Sources */,
				04AAEC4D1A1ECD5600B5254B /* DemandItem.m in Sources */,
				04AAEC4A1A1ECD5600B5254B /* SubscripMsgItem.m in Sources */,
				556EB0EE1A1B598F006D5E0F /* interfaceDetailsView.m in Sources */,
				04AAEC4B1A1ECD5600B5254B /* CommentItem.m in Sources */,
				55C76F821A1C7E370074640C /* companyProfilesView.m in Sources */,
				04AAEC2D1A1ECD2800B5254B /* MyFavoriteController.m in Sources */,
				04AAEC321A1ECD2800B5254B /* NextRegisterController.m in Sources */,
				04AAEC5C1A1ECD6400B5254B /* CommentCell.m in Sources */,
				04AAEC5F1A1ECD6400B5254B /* DemandCell.m in Sources */,
				04AAECBF1A1ED11800B5254B /* MoreListView.m in Sources */,
				04AAECB81A1ED09F00B5254B /* SquareCell.m in Sources */,
				55C76F8D1A1C87A90074640C /* SearchViewController.m in Sources */,
				556EB0F11A1B598F006D5E0F /* UIBarButtonItem+MJ.m in Sources */,
				04AAEC6F1A1ECFD300B5254B /* GlobalInstance.m in Sources */,
				556EB0E21A1B598F006D5E0F /* marketController.m in Sources */,
				556EB0F21A1B598F006D5E0F /* WBNavigationController.m in Sources */,
				55BA010B1A1D6FAA00D19D4E /* companyJobCell.m in Sources */,
				04AAEC311A1ECD2800B5254B /* RegisterController.m in Sources */,
				556EB0EA1A1B598F006D5E0F /* companyDetailsView.m in Sources */,
				556EB0F41A1B598F006D5E0F /* productDetailsView.m in Sources */,
				04AAEC2C1A1ECD2800B5254B /* MyCommentController.m in Sources */,
				04AAEC5A1A1ECD6400B5254B /* SystemMsgCell.m in Sources */,
				04AAECAD1A1ED07200B5254B /* PersonalController.m in Sources */,
				556EB0E71A1B598F006D5E0F /* businessDetailsView.m in Sources */,
				04AAEC2B1A1ECD2800B5254B /* MyMsgController.m in Sources */,
				04AAEC301A1ECD2800B5254B /* LoginController.m in Sources */,
				04AAECC51A1ED14700B5254B /* AdviceController.m in Sources */,
				556EB0E31A1B598F006D5E0F /* markertDetailsView.m in Sources */,
				556EB0E41A1B598F006D5E0F /* marketCell.m in Sources */,
				556EB1001A1B7803006D5E0F /* YYalertView.m in Sources */,
				55C76F7C1A1C78490074640C /* RemindView.m in Sources */,
				55C76F7F1A1C78750074640C /* AdaptationSize.m in Sources */,
				04AAECA71A1ED06500B5254B /* SquareUserItem.m in Sources */,
				04AAECC91A1ED1EF00B5254B /* ListView.m in Sources */,
				55C76F0D1A1C44470074640C /* markertWriteSucess.m in Sources */,
				04AAEC5D1A1ECD6400B5254B /* FavoriteCell.m in Sources */,
				04AAEC3C1A1ECD4C00B5254B /* DemandView.m in Sources */,
				04AAEC3D1A1ECD4C00B5254B /* DemandListView.m in Sources */,
				556EB0EB1A1B598F006D5E0F /* companyYellowCell.m in Sources */,
				04AAEC681A1ECF6F00B5254B /* aboutController.m in Sources */,
				04B68CB11A1B5851002A35AF /* AppDelegate.m in Sources */,
				04AAECC41A1ED14700B5254B /* SettingController.m in Sources */,
				04AAEC5E1A1ECD6400B5254B /* SelectCell.m in Sources */,
				556EB0FA1A1B598F006D5E0F /* squareController.m in Sources */,
				04AAEC2E1A1ECD2800B5254B /* MyDemandController.m in Sources */,
				04AAECAC1A1ED07200B5254B /* PublishTopicController.m in Sources */,
				04AAEC351A1ECD3000B5254B /* PersonCenterController.m in Sources */,
				04AAEC5B1A1ECD6400B5254B /* SubscripMsgCell.m in Sources */,
				04AAECB31A1ED08D00B5254B /* SquareHeadView.m in Sources */,
				556EB0E91A1B598F006D5E0F /* companyYellowController.m in Sources */,
				04B68CAE1A1B5851002A35AF /* main.m in Sources */,
				556EB0E61A1B598F006D5E0F /* businessController.m in Sources */,
				556EB0EC1A1B598F006D5E0F /* MainController.m in Sources */,
				55BA01111A1D6FF800D19D4E /* jobDetailsView.m in Sources */,
				556EB0E81A1B598F006D5E0F /* companyJOBController.m in Sources */,
				556EB0FD1A1B748B006D5E0F /* YYSearchButton.m in Sources */,
				04AAEC491A1ECD5600B5254B /* SystemMsgItem.m in Sources */,
			);
			runOnlyForDeploymentPostprocessing = 0;
		};
		04B68CBD1A1B5852002A35AF /* Sources */ = {
			isa = PBXSourcesBuildPhase;
			buildActionMask = 2147483647;
			files = (
				04B68CC81A1B5852002A35AF /* XinNetTests.m in Sources */,
			);
			runOnlyForDeploymentPostprocessing = 0;
		};
/* End PBXSourcesBuildPhase section */

/* Begin PBXTargetDependency section */
		04B68CC31A1B5852002A35AF /* PBXTargetDependency */ = {
			isa = PBXTargetDependency;
			target = 04B68CA71A1B5851002A35AF /* XinNet */;
			targetProxy = 04B68CC21A1B5852002A35AF /* PBXContainerItemProxy */;
		};
/* End PBXTargetDependency section */

/* Begin PBXVariantGroup section */
		04AAECE71A1EE0E300B5254B /* ShareSDKLocalizable.strings */ = {
			isa = PBXVariantGroup;
			children = (
				04AAECE81A1EE0E300B5254B /* en */,
				04AAECEB1A1EE0E300B5254B /* zh-Hans */,
			);
			name = ShareSDKLocalizable.strings;
			sourceTree = "<group>";
		};
		04B68CB51A1B5852002A35AF /* Main.storyboard */ = {
			isa = PBXVariantGroup;
			children = (
				04B68CB61A1B5852002A35AF /* Base */,
			);
			name = Main.storyboard;
			sourceTree = "<group>";
		};
		04B68CBA1A1B5852002A35AF /* LaunchScreen.xib */ = {
			isa = PBXVariantGroup;
			children = (
				04B68CBB1A1B5852002A35AF /* Base */,
			);
			name = LaunchScreen.xib;
			sourceTree = "<group>";
		};
/* End PBXVariantGroup section */

/* Begin XCBuildConfiguration section */
		04B68CC91A1B5852002A35AF /* Debug */ = {
			isa = XCBuildConfiguration;
			buildSettings = {
				ALWAYS_SEARCH_USER_PATHS = NO;
				CLANG_CXX_LANGUAGE_STANDARD = "gnu++0x";
				CLANG_CXX_LIBRARY = "libc++";
				CLANG_ENABLE_MODULES = YES;
				CLANG_ENABLE_OBJC_ARC = YES;
				CLANG_WARN_BOOL_CONVERSION = YES;
				CLANG_WARN_CONSTANT_CONVERSION = YES;
				CLANG_WARN_DIRECT_OBJC_ISA_USAGE = YES_ERROR;
				CLANG_WARN_EMPTY_BODY = YES;
				CLANG_WARN_ENUM_CONVERSION = YES;
				CLANG_WARN_INT_CONVERSION = YES;
				CLANG_WARN_OBJC_ROOT_CLASS = YES_ERROR;
				CLANG_WARN_UNREACHABLE_CODE = YES;
				CLANG_WARN__DUPLICATE_METHOD_MATCH = YES;
				CODE_SIGN_IDENTITY = "iPhone Distribution: wu guixiang (DBA88DPK47)";
				"CODE_SIGN_IDENTITY[sdk=iphoneos*]" = "iPhone Distribution: wu guixiang (DBA88DPK47)";
				COPY_PHASE_STRIP = NO;
				ENABLE_STRICT_OBJC_MSGSEND = YES;
				GCC_C_LANGUAGE_STANDARD = gnu99;
				GCC_DYNAMIC_NO_PIC = NO;
				GCC_OPTIMIZATION_LEVEL = 0;
				GCC_PREPROCESSOR_DEFINITIONS = (
					"DEBUG=1",
					"$(inherited)",
				);
				GCC_SYMBOLS_PRIVATE_EXTERN = NO;
				GCC_WARN_64_TO_32_BIT_CONVERSION = YES;
				GCC_WARN_ABOUT_RETURN_TYPE = YES_ERROR;
				GCC_WARN_UNDECLARED_SELECTOR = YES;
				GCC_WARN_UNINITIALIZED_AUTOS = YES_AGGRESSIVE;
				GCC_WARN_UNUSED_FUNCTION = YES;
				GCC_WARN_UNUSED_VARIABLE = YES;
				IPHONEOS_DEPLOYMENT_TARGET = 8.0;
				MTL_ENABLE_DEBUG_INFO = YES;
				ONLY_ACTIVE_ARCH = YES;
				PROVISIONING_PROFILE = "151e8a63-a196-4e51-a145-c865aff3a77e";
				SDKROOT = iphoneos;
				TARGETED_DEVICE_FAMILY = "1,2";
			};
			name = Debug;
		};
		04B68CCA1A1B5852002A35AF /* Release */ = {
			isa = XCBuildConfiguration;
			buildSettings = {
				ALWAYS_SEARCH_USER_PATHS = NO;
				CLANG_CXX_LANGUAGE_STANDARD = "gnu++0x";
				CLANG_CXX_LIBRARY = "libc++";
				CLANG_ENABLE_MODULES = YES;
				CLANG_ENABLE_OBJC_ARC = YES;
				CLANG_WARN_BOOL_CONVERSION = YES;
				CLANG_WARN_CONSTANT_CONVERSION = YES;
				CLANG_WARN_DIRECT_OBJC_ISA_USAGE = YES_ERROR;
				CLANG_WARN_EMPTY_BODY = YES;
				CLANG_WARN_ENUM_CONVERSION = YES;
				CLANG_WARN_INT_CONVERSION = YES;
				CLANG_WARN_OBJC_ROOT_CLASS = YES_ERROR;
				CLANG_WARN_UNREACHABLE_CODE = YES;
				CLANG_WARN__DUPLICATE_METHOD_MATCH = YES;
				CODE_SIGN_IDENTITY = "iPhone Distribution: wu guixiang (DBA88DPK47)";
				"CODE_SIGN_IDENTITY[sdk=iphoneos*]" = "iPhone Distribution: wu guixiang (DBA88DPK47)";
				COPY_PHASE_STRIP = YES;
				ENABLE_NS_ASSERTIONS = NO;
				ENABLE_STRICT_OBJC_MSGSEND = YES;
				GCC_C_LANGUAGE_STANDARD = gnu99;
				GCC_WARN_64_TO_32_BIT_CONVERSION = YES;
				GCC_WARN_ABOUT_RETURN_TYPE = YES_ERROR;
				GCC_WARN_UNDECLARED_SELECTOR = YES;
				GCC_WARN_UNINITIALIZED_AUTOS = YES_AGGRESSIVE;
				GCC_WARN_UNUSED_FUNCTION = YES;
				GCC_WARN_UNUSED_VARIABLE = YES;
				IPHONEOS_DEPLOYMENT_TARGET = 8.0;
				MTL_ENABLE_DEBUG_INFO = NO;
				PROVISIONING_PROFILE = "151e8a63-a196-4e51-a145-c865aff3a77e";
				SDKROOT = iphoneos;
				TARGETED_DEVICE_FAMILY = "1,2";
				VALIDATE_PRODUCT = YES;
			};
			name = Release;
		};
		04B68CCC1A1B5852002A35AF /* Debug */ = {
			isa = XCBuildConfiguration;
			buildSettings = {
				ASSETCATALOG_COMPILER_APPICON_NAME = AppIcon;
				CODE_SIGN_IDENTITY = "iPhone Developer";
				"CODE_SIGN_IDENTITY[sdk=iphoneos*]" = "iPhone Developer";
				FRAMEWORK_SEARCH_PATHS = (
					"$(inherited)",
					"$(PROJECT_DIR)/XinNet/class/Others/ShareSDK/Connection",
					"$(PROJECT_DIR)/XinNet/class/Others/ShareSDK/Core",
					"$(PROJECT_DIR)/XinNet/class/Others/ShareSDK/Extend/QQConnectSDK",
					"$(PROJECT_DIR)/XinNet/class/Others/ShareSDK",
					"$(PROJECT_DIR)/XinNet/class/Others/ShareSDK/UI",
					"$(PROJECT_DIR)/XinNet/class/Others/ShareSDK/Connection",
					"$(PROJECT_DIR)/XinNet/class/Others/ShareSDK/Core",
					"$(PROJECT_DIR)/XinNet/class/Others/ShareSDK/Extend/QQConnectSDK",
					"$(PROJECT_DIR)/XinNet/class/Others/ShareSDK",
					"$(PROJECT_DIR)/XinNet/class/Others/ShareSDK/UI",
					"$(PROJECT_DIR)/XinNet/class/Others/ShareSDK/Connection",
					"$(PROJECT_DIR)/XinNet/class/Others/ShareSDK/Core",
					"$(PROJECT_DIR)/XinNet/class/Others/ShareSDK/Extend/QQConnectSDK",
					"$(PROJECT_DIR)/XinNet/class/Others/ShareSDK",
					"$(PROJECT_DIR)/XinNet/class/Others/ShareSDK/UI",
				);
				GCC_PRECOMPILE_PREFIX_HEADER = YES;
				GCC_PREFIX_HEADER = "XinNet/XinNet-Prefix.pch";
				INFOPLIST_FILE = XinNet/Info.plist;
				LD_RUNPATH_SEARCH_PATHS = "$(inherited) @executable_path/Frameworks";
				LIBRARY_SEARCH_PATHS = (
					"$(inherited)",
					"$(PROJECT_DIR)/XinNet/class/Others/ShareSDK/Extend/SinaWeiboSDK",
					"$(PROJECT_DIR)/XinNet/class/Others/ShareSDK/Extend/WeChatSDK",
					"$(PROJECT_DIR)/XinNet/class/Others/ShareSDK/Extend/SinaWeiboSDK",
					"$(PROJECT_DIR)/XinNet/class/Others/ShareSDK/Extend/WeChatSDK",
					"$(PROJECT_DIR)/XinNet/class/Others/ShareSDK/Extend/SinaWeiboSDK",
					"$(PROJECT_DIR)/XinNet/class/Others/ShareSDK/Extend/WeChatSDK",
				);
				PRODUCT_NAME = "$(TARGET_NAME)";
				PROVISIONING_PROFILE = "";
			};
			name = Debug;
		};
		04B68CCD1A1B5852002A35AF /* Release */ = {
			isa = XCBuildConfiguration;
			buildSettings = {
				ASSETCATALOG_COMPILER_APPICON_NAME = AppIcon;
				CODE_SIGN_IDENTITY = "iPhone Developer";
				"CODE_SIGN_IDENTITY[sdk=iphoneos*]" = "iPhone Developer";
				FRAMEWORK_SEARCH_PATHS = (
					"$(inherited)",
					"$(PROJECT_DIR)/XinNet/class/Others/ShareSDK/Connection",
					"$(PROJECT_DIR)/XinNet/class/Others/ShareSDK/Core",
					"$(PROJECT_DIR)/XinNet/class/Others/ShareSDK/Extend/QQConnectSDK",
					"$(PROJECT_DIR)/XinNet/class/Others/ShareSDK",
					"$(PROJECT_DIR)/XinNet/class/Others/ShareSDK/UI",
					"$(PROJECT_DIR)/XinNet/class/Others/ShareSDK/Connection",
					"$(PROJECT_DIR)/XinNet/class/Others/ShareSDK/Core",
					"$(PROJECT_DIR)/XinNet/class/Others/ShareSDK/Extend/QQConnectSDK",
					"$(PROJECT_DIR)/XinNet/class/Others/ShareSDK",
					"$(PROJECT_DIR)/XinNet/class/Others/ShareSDK/UI",
					"$(PROJECT_DIR)/XinNet/class/Others/ShareSDK/Connection",
					"$(PROJECT_DIR)/XinNet/class/Others/ShareSDK/Core",
					"$(PROJECT_DIR)/XinNet/class/Others/ShareSDK/Extend/QQConnectSDK",
					"$(PROJECT_DIR)/XinNet/class/Others/ShareSDK",
					"$(PROJECT_DIR)/XinNet/class/Others/ShareSDK/UI",
				);
				GCC_PRECOMPILE_PREFIX_HEADER = YES;
				GCC_PREFIX_HEADER = "XinNet/XinNet-Prefix.pch";
				INFOPLIST_FILE = XinNet/Info.plist;
				LD_RUNPATH_SEARCH_PATHS = "$(inherited) @executable_path/Frameworks";
				LIBRARY_SEARCH_PATHS = (
					"$(inherited)",
					"$(PROJECT_DIR)/XinNet/class/Others/ShareSDK/Extend/SinaWeiboSDK",
					"$(PROJECT_DIR)/XinNet/class/Others/ShareSDK/Extend/WeChatSDK",
					"$(PROJECT_DIR)/XinNet/class/Others/ShareSDK/Extend/SinaWeiboSDK",
					"$(PROJECT_DIR)/XinNet/class/Others/ShareSDK/Extend/WeChatSDK",
					"$(PROJECT_DIR)/XinNet/class/Others/ShareSDK/Extend/SinaWeiboSDK",
					"$(PROJECT_DIR)/XinNet/class/Others/ShareSDK/Extend/WeChatSDK",
				);
				PRODUCT_NAME = "$(TARGET_NAME)";
				PROVISIONING_PROFILE = "";
			};
			name = Release;
		};
		04B68CCF1A1B5852002A35AF /* Debug */ = {
			isa = XCBuildConfiguration;
			buildSettings = {
				BUNDLE_LOADER = "$(TEST_HOST)";
				CODE_SIGN_IDENTITY = "iPhone Developer";
				"CODE_SIGN_IDENTITY[sdk=iphoneos*]" = "iPhone Developer";
				FRAMEWORK_SEARCH_PATHS = (
					"$(SDKROOT)/Developer/Library/Frameworks",
					"$(inherited)",
				);
				GCC_PREPROCESSOR_DEFINITIONS = (
					"DEBUG=1",
					"$(inherited)",
				);
				INFOPLIST_FILE = XinNetTests/Info.plist;
				LD_RUNPATH_SEARCH_PATHS = "$(inherited) @executable_path/Frameworks @loader_path/Frameworks";
				PRODUCT_NAME = "$(TARGET_NAME)";
				PROVISIONING_PROFILE = "";
				TEST_HOST = "$(BUILT_PRODUCTS_DIR)/XinNet.app/XinNet";
			};
			name = Debug;
		};
		04B68CD01A1B5852002A35AF /* Release */ = {
			isa = XCBuildConfiguration;
			buildSettings = {
				BUNDLE_LOADER = "$(TEST_HOST)";
				CODE_SIGN_IDENTITY = "iPhone Developer";
				"CODE_SIGN_IDENTITY[sdk=iphoneos*]" = "iPhone Developer";
				FRAMEWORK_SEARCH_PATHS = (
					"$(SDKROOT)/Developer/Library/Frameworks",
					"$(inherited)",
				);
				INFOPLIST_FILE = XinNetTests/Info.plist;
				LD_RUNPATH_SEARCH_PATHS = "$(inherited) @executable_path/Frameworks @loader_path/Frameworks";
				PRODUCT_NAME = "$(TARGET_NAME)";
				PROVISIONING_PROFILE = "";
				TEST_HOST = "$(BUILT_PRODUCTS_DIR)/XinNet.app/XinNet";
			};
			name = Release;
		};
/* End XCBuildConfiguration section */

/* Begin XCConfigurationList section */
		04B68CA31A1B5851002A35AF /* Build configuration list for PBXProject "XinNet" */ = {
			isa = XCConfigurationList;
			buildConfigurations = (
				04B68CC91A1B5852002A35AF /* Debug */,
				04B68CCA1A1B5852002A35AF /* Release */,
			);
			defaultConfigurationIsVisible = 0;
			defaultConfigurationName = Release;
		};
		04B68CCB1A1B5852002A35AF /* Build configuration list for PBXNativeTarget "XinNet" */ = {
			isa = XCConfigurationList;
			buildConfigurations = (
				04B68CCC1A1B5852002A35AF /* Debug */,
				04B68CCD1A1B5852002A35AF /* Release */,
			);
			defaultConfigurationIsVisible = 0;
			defaultConfigurationName = Release;
		};
		04B68CCE1A1B5852002A35AF /* Build configuration list for PBXNativeTarget "XinNetTests" */ = {
			isa = XCConfigurationList;
			buildConfigurations = (
				04B68CCF1A1B5852002A35AF /* Debug */,
				04B68CD01A1B5852002A35AF /* Release */,
			);
			defaultConfigurationIsVisible = 0;
			defaultConfigurationName = Release;
		};
/* End XCConfigurationList section */
	};
	rootObject = 04B68CA01A1B5851002A35AF /* Project object */;
}
